// !$*UTF8*$!
{
	archiveVersion = 1;
	classes = {
	};
	objectVersion = 46;
	objects = {

/* Begin PBXBuildFile section */
		12AE311A1D54C71B001251C0 /* AppDelegate.swift in Sources */ = {isa = PBXBuildFile; fileRef = 12AE31191D54C71B001251C0 /* AppDelegate.swift */; };
		12AE311C1D54C71B001251C0 /* ViewController.swift in Sources */ = {isa = PBXBuildFile; fileRef = 12AE311B1D54C71B001251C0 /* ViewController.swift */; };
		12AE311F1D54C71B001251C0 /* Main.storyboard in Resources */ = {isa = PBXBuildFile; fileRef = 12AE311D1D54C71B001251C0 /* Main.storyboard */; };
		12AE31211D54C71B001251C0 /* Assets.xcassets in Resources */ = {isa = PBXBuildFile; fileRef = 12AE31201D54C71B001251C0 /* Assets.xcassets */; };
		12AE31241D54C71B001251C0 /* LaunchScreen.storyboard in Resources */ = {isa = PBXBuildFile; fileRef = 12AE31221D54C71B001251C0 /* LaunchScreen.storyboard */; };
/* End PBXBuildFile section */

/* Begin PBXFileReference section */
		12AE31161D54C71B001251C0 /* tables.app */ = {isa = PBXFileReference; explicitFileType = wrapper.application; includeInIndex = 0; path = tables.app; sourceTree = BUILT_PRODUCTS_DIR; };
		12AE31191D54C71B001251C0 /* AppDelegate.swift */ = {isa = PBXFileReference; lastKnownFileType = sourcecode.swift; path = AppDelegate.swift; sourceTree = "<group>"; };
		12AE311B1D54C71B001251C0 /* ViewController.swift */ = {isa = PBXFileReference; lastKnownFileType = sourcecode.swift; path = ViewController.swift; sourceTree = "<group>"; };
		12AE311E1D54C71B001251C0 /* Base */ = {isa = PBXFileReference; lastKnownFileType = file.storyboard; name = Base; path = Base.lproj/Main.storyboard; sourceTree = "<group>"; };
		12AE31201D54C71B001251C0 /* Assets.xcassets */ = {isa = PBXFileReference; lastKnownFileType = folder.assetcatalog; path = Assets.xcassets; sourceTree = "<group>"; };
		12AE31231D54C71B001251C0 /* Base */ = {isa = PBXFileReference; lastKnownFileType = file.storyboard; name = Base; path = Base.lproj/LaunchScreen.storyboard; sourceTree = "<group>"; };
		12AE31251D54C71B001251C0 /* Info.plist */ = {isa = PBXFileReference; lastKnownFileType = text.plist.xml; path = Info.plist; sourceTree = "<group>"; };
/* End PBXFileReference section */

/* Begin PBXFrameworksBuildPhase section */
		12AE31131D54C71B001251C0 /* Frameworks */ = {
			isa = PBXFrameworksBuildPhase;
			buildActionMask = 2147483647;
			files = (
			);
			runOnlyForDeploymentPostprocessing = 0;
		};
/* End PBXFrameworksBuildPhase section */

/* Begin PBXGroup section */
		12AE310D1D54C71B001251C0 = {
			isa = PBXGroup;
			children = (
				12AE31181D54C71B001251C0 /* tables */,
				12AE31171D54C71B001251C0 /* Products */,
			);
			sourceTree = "<group>";
		};
		12AE31171D54C71B001251C0 /* Products */ = {
			isa = PBXGroup;
			children = (
				12AE31161D54C71B001251C0 /* tables.app */,
			);
			name = Products;
			sourceTree = "<group>";
		};
		12AE31181D54C71B001251C0 /* tables */ = {
			isa = PBXGroup;
			children = (
				12AE31191D54C71B001251C0 /* AppDelegate.swift */,
				12AE311B1D54C71B001251C0 /* ViewController.swift */,
				12AE311D1D54C71B001251C0 /* Main.storyboard */,
				12AE31201D54C71B001251C0 /* Assets.xcassets */,
				12AE31221D54C71B001251C0 /* LaunchScreen.storyboard */,
				12AE31251D54C71B001251C0 /* Info.plist */,
			);
			path = tables;
			sourceTree = "<group>";
		};
/* End PBXGroup section */

/* Begin PBXNativeTarget section */
		12AE31151D54C71B001251C0 /* tables */ = {
			isa = PBXNativeTarget;
			buildConfigurationList = 12AE31281D54C71B001251C0 /* Build configuration list for PBXNativeTarget "tables" */;
			buildPhases = (
				12AE31121D54C71B001251C0 /* Sources */,
				12AE31131D54C71B001251C0 /* Frameworks */,
				12AE31141D54C71B001251C0 /* Resources */,
			);
			buildRules = (
			);
			dependencies = (
			);
			name = tables;
			productName = tables;
			productReference = 12AE31161D54C71B001251C0 /* tables.app */;
			productType = "com.apple.product-type.application";
		};
/* End PBXNativeTarget section */

/* Begin PBXProject section */
		12AE310E1D54C71B001251C0 /* Project object */ = {
			isa = PBXProject;
			attributes = {
				LastSwiftUpdateCheck = 0730;
				LastUpgradeCheck = 0730;
				ORGANIZATIONNAME = Arinjay;
				TargetAttributes = {
					12AE31151D54C71B001251C0 = {
						CreatedOnToolsVersion = 7.3.1;
					};
				};
			};
			buildConfigurationList = 12AE31111D54C71B001251C0 /* Build configuration list for PBXProject "tables" */;
			compatibilityVersion = "Xcode 3.2";
			developmentRegion = English;
			hasScannedForEncodings = 0;
			knownRegions = (
				en,
				Base,
			);
			mainGroup = 12AE310D1D54C71B001251C0;
			productRefGroup = 12AE31171D54C71B001251C0 /* Products */;
			projectDirPath = "";
			projectRoot = "";
			targets = (
				12AE31151D54C71B001251C0 /* tables */,
			);
		};
/* End PBXProject section */

/* Begin PBXResourcesBuildPhase section */
		12AE31141D54C71B001251C0 /* Resources */ = {
			isa = PBXResourcesBuildPhase;
			buildActionMask = 2147483647;
			files = (
				12AE31241D54C71B001251C0 /* LaunchScreen.storyboard in Resources */,
				12AE31211D54C71B001251C0 /* Assets.xcassets in Resources */,
				12AE311F1D54C71B001251C0 /* Main.storyboard in Resources */,
			);
			runOnlyForDeploymentPostprocessing = 0;
		};
/* End PBXResourcesBuildPhase section */

/* Begin PBXSourcesBuildPhase section */
		12AE31121D54C71B001251C0 /* Sources */ = {
			isa = PBXSourcesBuildPhase;
			buildActionMask = 2147483647;
			files = (
				12AE311C1D54C71B001251C0 /* ViewController.swift in Sources */,
				12AE311A1D54C71B001251C0 /* AppDelegate.swift in Sources */,
			);
			runOnlyForDeploymentPostprocessing = 0;
		};
/* End PBXSourcesBuildPhase section */

/* Begin PBXVariantGroup section */
		12AE311D1D54C71B001251C0 /* Main.storyboard */ = {
			isa = PBXVariantGroup;
			children = (
				12AE311E1D54C71B001251C0 /* Base */,
			);
			name = Main.storyboard;
			sourceTree = "<group>";
		};
		12AE31221D54C71B001251C0 /* LaunchScreen.storyboard */ = {
			isa = PBXVariantGroup;
			children = (
				12AE31231D54C71B001251C0 /* Base */,
			);
			name = LaunchScreen.storyboard;
			sourceTree = "<group>";
		};
/* End PBXVariantGroup section */

/* Begin XCBuildConfiguration section */
		12AE31261D54C71B001251C0 /* Debug */ = {
			isa = XCBuildConfiguration;
			buildSettings = {
				ALWAYS_SEARCH_USER_PATHS = NO;
				CLANG_ANALYZER_NONNULL = YES;
				CLANG_CXX_LANGUAGE_STANDARD = "gnu++0x";
				CLANG_CXX_LIBRARY = "libc++";
				CLANG_ENABLE_MODULES = YES;
				CLANG_ENABLE_OBJC_ARC = YES;
				CLANG_WARN_BOOL_CONVERSION = YES;
				CLANG_WARN_CONSTANT_CONVERSION = YES;
				CLANG_WARN_DIRECT_OBJC_ISA_USAGE = YES_ERROR;
				CLANG_WARN_EMPTY_BODY = YES;
				CLANG_WARN_ENUM_CONVERSION = YES;
				CLANG_WARN_INT_CONVERSION = YES;
				CLANG_WARN_OBJC_ROOT_CLASS = YES_ERROR;
				CLANG_WARN_UNREACHABLE_CODE = YES;
				CLANG_WARN__DUPLICATE_METHOD_MATCH = YES;
				"CODE_SIGN_IDENTITY[sdk=iphoneos*]" = "iPhone Developer";
				COPY_PHASE_STRIP = NO;
				DEBUG_INFORMATION_FORMAT = dwarf;
				ENABLE_STRICT_OBJC_MSGSEND = YES;
				ENABLE_TESTABILITY = YES;
				GCC_C_LANGUAGE_STANDARD = gnu99;
				GCC_DYNAMIC_NO_PIC = NO;
				GCC_NO_COMMON_BLOCKS = YES;
				GCC_OPTIMIZATION_LEVEL = 0;
				GCC_PREPROCESSOR_DEFINITIONS = (
					"DEBUG=1",
					"$(inherited)",
				);
				GCC_WARN_64_TO_32_BIT_CONVERSION = YES;
				GCC_WARN_ABOUT_RETURN_TYPE = YES_ERROR;
				GCC_WARN_UNDECLARED_SELECTOR = YES;
				GCC_WARN_UNINITIALIZED_AUTOS = YES_AGGRESSIVE;
				GCC_WARN_UNUSED_FUNCTION = YES;
				GCC_WARN_UNUSED_VARIABLE = YES;
				IPHONEOS_DEPLOYMENT_TARGET = 9.3;
				MTL_ENABLE_DEBUG_INFO = YES;
				ONLY_ACTIVE_ARCH = YES;
				SDKROOT = iphoneos;
				SWIFT_OPTIMIZATION_LEVEL = "-Onone";
			};
			name = Debug;
		};
		12AE31271D54C71B001251C0 /* Release */ = {
			isa = XCBuildConfiguration;
			buildSettings = {
				ALWAYS_SEARCH_USER_PATHS = NO;
				CLANG_ANALYZER_NONNULL = YES;
				CLANG_CXX_LANGUAGE_STANDARD = "gnu++0x";
				CLANG_CXX_LIBRARY = "libc++";
				CLANG_ENABLE_MODULES = YES;
				CLANG_ENABLE_OBJC_ARC = YES;
				CLANG_WARN_BOOL_CONVERSION = YES;
				CLANG_WARN_CONSTANT_CONVERSION = YES;
				CLANG_WARN_DIRECT_OBJC_ISA_USAGE = YES_ERROR;
				CLANG_WARN_EMPTY_BODY = YES;
				CLANG_WARN_ENUM_CONVERSION = YES;
				CLANG_WARN_INT_CONVERSION = YES;
				CLANG_WARN_OBJC_ROOT_CLASS = YES_ERROR;
				CLANG_WARN_UNREACHABLE_CODE = YES;
				CLANG_WARN__DUPLICATE_METHOD_MATCH = YES;
				"CODE_SIGN_IDENTITY[sdk=iphoneos*]" = "iPhone Developer";
				COPY_PHASE_STRIP = NO;
				DEBUG_INFORMATION_FORMAT = "dwarf-with-dsym";
				ENABLE_NS_ASSERTIONS = NO;
				ENABLE_STRICT_OBJC_MSGSEND = YES;
				GCC_C_LANGUAGE_STANDARD = gnu99;
				GCC_NO_COMMON_BLOCKS = YES;
				GCC_WARN_64_TO_32_BIT_CONVERSION = YES;
				GCC_WARN_ABOUT_RETURN_TYPE = YES_ERROR;
				GCC_WARN_UNDECLARED_SELECTOR = YES;
				GCC_WARN_UNINITIALIZED_AUTOS = YES_AGGRESSIVE;
				GCC_WARN_UNUSED_FUNCTION = YES;
				GCC_WARN_UNUSED_VARIABLE = YES;
				IPHONEOS_DEPLOYMENT_TARGET = 9.3;
				MTL_ENABLE_DEBUG_INFO = NO;
				SDKROOT = iphoneos;
				VALIDATE_PRODUCT = YES;
			};
			name = Release;
		};
		12AE31291D54C71B001251C0 /* Debug */ = {
			isa = XCBuildConfiguration;
			buildSettings = {
				ASSETCATALOG_COMPILER_APPICON_NAME = AppIcon;
				INFOPLIST_FILE = tables/Info.plist;
				LD_RUNPATH_SEARCH_PATHS = "$(inherited) @executable_path/Frameworks";
				PRODUCT_BUNDLE_IDENTIFIER = com.Arinjay.tables;
				PRODUCT_NAME = "$(TARGET_NAME)";
			};
			name = Debug;
		};
		12AE312A1D54C71B001251C0 /* Release */ = {
			isa = XCBuildConfiguration;
			buildSettings = {
				ASSETCATALOG_COMPILER_APPICON_NAME = AppIcon;
				INFOPLIST_FILE = tables/Info.plist;
				LD_RUNPATH_SEARCH_PATHS = "$(inherited) @executable_path/Frameworks";
				PRODUCT_BUNDLE_IDENTIFIER = com.Arinjay.tables;
				PRODUCT_NAME = "$(TARGET_NAME)";
			};
			name = Release;
		};
/* End XCBuildConfiguration section */

/* Begin XCConfigurationList section */
		12AE31111D54C71B001251C0 /* Build configuration list for PBXProject "tables" */ = {
			isa = XCConfigurationList;
			buildConfigurations = (
				12AE31261D54C71B001251C0 /* Debug */,
				12AE31271D54C71B001251C0 /* Release */,
			);
			defaultConfigurationIsVisible = 0;
			defaultConfigurationName = Release;
		};
		12AE31281D54C71B001251C0 /* Build configuration list for PBXNativeTarget "tables" */ = {
			isa = XCConfigurationList;
			buildConfigurations = (
				12AE31291D54C71B001251C0 /* Debug */,
				12AE312A1D54C71B001251C0 /* Release */,
			);
			defaultConfigurationIsVisible = 0;
		};
/* End XCConfigurationList section */
	};
	rootObject = 12AE310E1D54C71B001251C0 /* Project object */;
}
