// !$*UTF8*$!
{
	archiveVersion = 1;
	classes = {
	};
	objectVersion = 46;
	objects = {

/* Begin PBXBuildFile section */
		12D4F45D1DBCECF4005C588D /* AppDelegate.swift in Sources */ = {isa = PBXBuildFile; fileRef = 12D4F45C1DBCECF4005C588D /* AppDelegate.swift */; };
		12D4F45F1DBCECF4005C588D /* ViewController.swift in Sources */ = {isa = PBXBuildFile; fileRef = 12D4F45E1DBCECF4005C588D /* ViewController.swift */; };
		12D4F4621DBCECF4005C588D /* Main.storyboard in Resources */ = {isa = PBXBuildFile; fileRef = 12D4F4601DBCECF4005C588D /* Main.storyboard */; };
		12D4F4651DBCECF4005C588D /* FavRecipe.xcdatamodeld in Sources */ = {isa = PBXBuildFile; fileRef = 12D4F4631DBCECF4005C588D /* FavRecipe.xcdatamodeld */; };
		12D4F4671DBCECF4005C588D /* Assets.xcassets in Resources */ = {isa = PBXBuildFile; fileRef = 12D4F4661DBCECF4005C588D /* Assets.xcassets */; };
		12D4F46A1DBCECF4005C588D /* LaunchScreen.storyboard in Resources */ = {isa = PBXBuildFile; fileRef = 12D4F4681DBCECF4005C588D /* LaunchScreen.storyboard */; };
/* End PBXBuildFile section */

/* Begin PBXFileReference section */
		12D4F4591DBCECF4005C588D /* FavRecipe.app */ = {isa = PBXFileReference; explicitFileType = wrapper.application; includeInIndex = 0; path = FavRecipe.app; sourceTree = BUILT_PRODUCTS_DIR; };
		12D4F45C1DBCECF4005C588D /* AppDelegate.swift */ = {isa = PBXFileReference; lastKnownFileType = sourcecode.swift; path = AppDelegate.swift; sourceTree = "<group>"; };
		12D4F45E1DBCECF4005C588D /* ViewController.swift */ = {isa = PBXFileReference; lastKnownFileType = sourcecode.swift; path = ViewController.swift; sourceTree = "<group>"; };
		12D4F4611DBCECF4005C588D /* Base */ = {isa = PBXFileReference; lastKnownFileType = file.storyboard; name = Base; path = Base.lproj/Main.storyboard; sourceTree = "<group>"; };
		12D4F4641DBCECF4005C588D /* FavRecipe.xcdatamodel */ = {isa = PBXFileReference; lastKnownFileType = wrapper.xcdatamodel; path = FavRecipe.xcdatamodel; sourceTree = "<group>"; };
		12D4F4661DBCECF4005C588D /* Assets.xcassets */ = {isa = PBXFileReference; lastKnownFileType = folder.assetcatalog; path = Assets.xcassets; sourceTree = "<group>"; };
		12D4F4691DBCECF4005C588D /* Base */ = {isa = PBXFileReference; lastKnownFileType = file.storyboard; name = Base; path = Base.lproj/LaunchScreen.storyboard; sourceTree = "<group>"; };
		12D4F46B1DBCECF4005C588D /* Info.plist */ = {isa = PBXFileReference; lastKnownFileType = text.plist.xml; path = Info.plist; sourceTree = "<group>"; };
/* End PBXFileReference section */

/* Begin PBXFrameworksBuildPhase section */
		12D4F4561DBCECF4005C588D /* Frameworks */ = {
			isa = PBXFrameworksBuildPhase;
			buildActionMask = 2147483647;
			files = (
			);
			runOnlyForDeploymentPostprocessing = 0;
		};
/* End PBXFrameworksBuildPhase section */

/* Begin PBXGroup section */
		12D4F4501DBCECF4005C588D = {
			isa = PBXGroup;
			children = (
				12D4F45B1DBCECF4005C588D /* FavRecipe */,
				12D4F45A1DBCECF4005C588D /* Products */,
			);
			sourceTree = "<group>";
		};
		12D4F45A1DBCECF4005C588D /* Products */ = {
			isa = PBXGroup;
			children = (
				12D4F4591DBCECF4005C588D /* FavRecipe.app */,
			);
			name = Products;
			sourceTree = "<group>";
		};
		12D4F45B1DBCECF4005C588D /* FavRecipe */ = {
			isa = PBXGroup;
			children = (
				12D4F45C1DBCECF4005C588D /* AppDelegate.swift */,
				12D4F45E1DBCECF4005C588D /* ViewController.swift */,
				12D4F4601DBCECF4005C588D /* Main.storyboard */,
				12D4F4661DBCECF4005C588D /* Assets.xcassets */,
				12D4F4681DBCECF4005C588D /* LaunchScreen.storyboard */,
				12D4F46B1DBCECF4005C588D /* Info.plist */,
				12D4F4631DBCECF4005C588D /* FavRecipe.xcdatamodeld */,
			);
			path = FavRecipe;
			sourceTree = "<group>";
		};
/* End PBXGroup section */

/* Begin PBXNativeTarget section */
		12D4F4581DBCECF4005C588D /* FavRecipe */ = {
			isa = PBXNativeTarget;
			buildConfigurationList = 12D4F46E1DBCECF4005C588D /* Build configuration list for PBXNativeTarget "FavRecipe" */;
			buildPhases = (
				12D4F4551DBCECF4005C588D /* Sources */,
				12D4F4561DBCECF4005C588D /* Frameworks */,
				12D4F4571DBCECF4005C588D /* Resources */,
			);
			buildRules = (
			);
			dependencies = (
			);
			name = FavRecipe;
			productName = FavRecipe;
			productReference = 12D4F4591DBCECF4005C588D /* FavRecipe.app */;
			productType = "com.apple.product-type.application";
		};
/* End PBXNativeTarget section */

/* Begin PBXProject section */
		12D4F4511DBCECF4005C588D /* Project object */ = {
			isa = PBXProject;
			attributes = {
				LastSwiftUpdateCheck = 0730;
				LastUpgradeCheck = 0730;
				ORGANIZATIONNAME = Arinjay;
				TargetAttributes = {
					12D4F4581DBCECF4005C588D = {
						CreatedOnToolsVersion = 7.3.1;
					};
				};
			};
			buildConfigurationList = 12D4F4541DBCECF4005C588D /* Build configuration list for PBXProject "FavRecipe" */;
			compatibilityVersion = "Xcode 3.2";
			developmentRegion = English;
			hasScannedForEncodings = 0;
			knownRegions = (
				en,
				Base,
			);
			mainGroup = 12D4F4501DBCECF4005C588D;
			productRefGroup = 12D4F45A1DBCECF4005C588D /* Products */;
			projectDirPath = "";
			projectRoot = "";
			targets = (
				12D4F4581DBCECF4005C588D /* FavRecipe */,
			);
		};
/* End PBXProject section */

/* Begin PBXResourcesBuildPhase section */
		12D4F4571DBCECF4005C588D /* Resources */ = {
			isa = PBXResourcesBuildPhase;
			buildActionMask = 2147483647;
			files = (
				12D4F46A1DBCECF4005C588D /* LaunchScreen.storyboard in Resources */,
				12D4F4671DBCECF4005C588D /* Assets.xcassets in Resources */,
				12D4F4621DBCECF4005C588D /* Main.storyboard in Resources */,
			);
			runOnlyForDeploymentPostprocessing = 0;
		};
/* End PBXResourcesBuildPhase section */

/* Begin PBXSourcesBuildPhase section */
		12D4F4551DBCECF4005C588D /* Sources */ = {
			isa = PBXSourcesBuildPhase;
			buildActionMask = 2147483647;
			files = (
				12D4F45F1DBCECF4005C588D /* ViewController.swift in Sources */,
				12D4F45D1DBCECF4005C588D /* AppDelegate.swift in Sources */,
				12D4F4651DBCECF4005C588D /* FavRecipe.xcdatamodeld in Sources */,
			);
			runOnlyForDeploymentPostprocessing = 0;
		};
/* End PBXSourcesBuildPhase section */

/* Begin PBXVariantGroup section */
		12D4F4601DBCECF4005C588D /* Main.storyboard */ = {
			isa = PBXVariantGroup;
			children = (
				12D4F4611DBCECF4005C588D /* Base */,
			);
			name = Main.storyboard;
			sourceTree = "<group>";
		};
		12D4F4681DBCECF4005C588D /* LaunchScreen.storyboard */ = {
			isa = PBXVariantGroup;
			children = (
				12D4F4691DBCECF4005C588D /* Base */,
			);
			name = LaunchScreen.storyboard;
			sourceTree = "<group>";
		};
/* End PBXVariantGroup section */

/* Begin XCBuildConfiguration section */
		12D4F46C1DBCECF4005C588D /* Debug */ = {
			isa = XCBuildConfiguration;
			buildSettings = {
				ALWAYS_SEARCH_USER_PATHS = NO;
				CLANG_ANALYZER_NONNULL = YES;
				CLANG_CXX_LANGUAGE_STANDARD = "gnu++0x";
				CLANG_CXX_LIBRARY = "libc++";
				CLANG_ENABLE_MODULES = YES;
				CLANG_ENABLE_OBJC_ARC = YES;
				CLANG_WARN_BOOL_CONVERSION = YES;
				CLANG_WARN_CONSTANT_CONVERSION = YES;
				CLANG_WARN_DIRECT_OBJC_ISA_USAGE = YES_ERROR;
				CLANG_WARN_EMPTY_BODY = YES;
				CLANG_WARN_ENUM_CONVERSION = YES;
				CLANG_WARN_INT_CONVERSION = YES;
				CLANG_WARN_OBJC_ROOT_CLASS = YES_ERROR;
				CLANG_WARN_UNREACHABLE_CODE = YES;
				CLANG_WARN__DUPLICATE_METHOD_MATCH = YES;
				"CODE_SIGN_IDENTITY[sdk=iphoneos*]" = "iPhone Developer";
				COPY_PHASE_STRIP = NO;
				DEBUG_INFORMATION_FORMAT = dwarf;
				ENABLE_STRICT_OBJC_MSGSEND = YES;
				ENABLE_TESTABILITY = YES;
				GCC_C_LANGUAGE_STANDARD = gnu99;
				GCC_DYNAMIC_NO_PIC = NO;
				GCC_NO_COMMON_BLOCKS = YES;
				GCC_OPTIMIZATION_LEVEL = 0;
				GCC_PREPROCESSOR_DEFINITIONS = (
					"DEBUG=1",
					"$(inherited)",
				);
				GCC_WARN_64_TO_32_BIT_CONVERSION = YES;
				GCC_WARN_ABOUT_RETURN_TYPE = YES_ERROR;
				GCC_WARN_UNDECLARED_SELECTOR = YES;
				GCC_WARN_UNINITIALIZED_AUTOS = YES_AGGRESSIVE;
				GCC_WARN_UNUSED_FUNCTION = YES;
				GCC_WARN_UNUSED_VARIABLE = YES;
				IPHONEOS_DEPLOYMENT_TARGET = 9.3;
				MTL_ENABLE_DEBUG_INFO = YES;
				ONLY_ACTIVE_ARCH = YES;
				SDKROOT = iphoneos;
				SWIFT_OPTIMIZATION_LEVEL = "-Onone";
			};
			name = Debug;
		};
		12D4F46D1DBCECF4005C588D /* Release */ = {
			isa = XCBuildConfiguration;
			buildSettings = {
				ALWAYS_SEARCH_USER_PATHS = NO;
				CLANG_ANALYZER_NONNULL = YES;
				CLANG_CXX_LANGUAGE_STANDARD = "gnu++0x";
				CLANG_CXX_LIBRARY = "libc++";
				CLANG_ENABLE_MODULES = YES;
				CLANG_ENABLE_OBJC_ARC = YES;
				CLANG_WARN_BOOL_CONVERSION = YES;
				CLANG_WARN_CONSTANT_CONVERSION = YES;
				CLANG_WARN_DIRECT_OBJC_ISA_USAGE = YES_ERROR;
				CLANG_WARN_EMPTY_BODY = YES;
				CLANG_WARN_ENUM_CONVERSION = YES;
				CLANG_WARN_INT_CONVERSION = YES;
				CLANG_WARN_OBJC_ROOT_CLASS = YES_ERROR;
				CLANG_WARN_UNREACHABLE_CODE = YES;
				CLANG_WARN__DUPLICATE_METHOD_MATCH = YES;
				"CODE_SIGN_IDENTITY[sdk=iphoneos*]" = "iPhone Developer";
				COPY_PHASE_STRIP = NO;
				DEBUG_INFORMATION_FORMAT = "dwarf-with-dsym";
				ENABLE_NS_ASSERTIONS = NO;
				ENABLE_STRICT_OBJC_MSGSEND = YES;
				GCC_C_LANGUAGE_STANDARD = gnu99;
				GCC_NO_COMMON_BLOCKS = YES;
				GCC_WARN_64_TO_32_BIT_CONVERSION = YES;
				GCC_WARN_ABOUT_RETURN_TYPE = YES_ERROR;
				GCC_WARN_UNDECLARED_SELECTOR = YES;
				GCC_WARN_UNINITIALIZED_AUTOS = YES_AGGRESSIVE;
				GCC_WARN_UNUSED_FUNCTION = YES;
				GCC_WARN_UNUSED_VARIABLE = YES;
				IPHONEOS_DEPLOYMENT_TARGET = 9.3;
				MTL_ENABLE_DEBUG_INFO = NO;
				SDKROOT = iphoneos;
				VALIDATE_PRODUCT = YES;
			};
			name = Release;
		};
		12D4F46F1DBCECF4005C588D /* Debug */ = {
			isa = XCBuildConfiguration;
			buildSettings = {
				ASSETCATALOG_COMPILER_APPICON_NAME = AppIcon;
				INFOPLIST_FILE = FavRecipe/Info.plist;
				LD_RUNPATH_SEARCH_PATHS = "$(inherited) @executable_path/Frameworks";
				PRODUCT_BUNDLE_IDENTIFIER = com.Arinjay.FavRecipe;
				PRODUCT_NAME = "$(TARGET_NAME)";
			};
			name = Debug;
		};
		12D4F4701DBCECF4005C588D /* Release */ = {
			isa = XCBuildConfiguration;
			buildSettings = {
				ASSETCATALOG_COMPILER_APPICON_NAME = AppIcon;
				INFOPLIST_FILE = FavRecipe/Info.plist;
				LD_RUNPATH_SEARCH_PATHS = "$(inherited) @executable_path/Frameworks";
				PRODUCT_BUNDLE_IDENTIFIER = com.Arinjay.FavRecipe;
				PRODUCT_NAME = "$(TARGET_NAME)";
			};
			name = Release;
		};
/* End XCBuildConfiguration section */

/* Begin XCConfigurationList section */
		12D4F4541DBCECF4005C588D /* Build configuration list for PBXProject "FavRecipe" */ = {
			isa = XCConfigurationList;
			buildConfigurations = (
				12D4F46C1DBCECF4005C588D /* Debug */,
				12D4F46D1DBCECF4005C588D /* Release */,
			);
			defaultConfigurationIsVisible = 0;
			defaultConfigurationName = Release;
		};
		12D4F46E1DBCECF4005C588D /* Build configuration list for PBXNativeTarget "FavRecipe" */ = {
			isa = XCConfigurationList;
			buildConfigurations = (
				12D4F46F1DBCECF4005C588D /* Debug */,
				12D4F4701DBCECF4005C588D /* Release */,
			);
			defaultConfigurationIsVisible = 0;
		};
/* End XCConfigurationList section */

/* Begin XCVersionGroup section */
		12D4F4631DBCECF4005C588D /* FavRecipe.xcdatamodeld */ = {
			isa = XCVersionGroup;
			children = (
				12D4F4641DBCECF4005C588D /* FavRecipe.xcdatamodel */,
			);
			currentVersion = 12D4F4641DBCECF4005C588D /* FavRecipe.xcdatamodel */;
			path = FavRecipe.xcdatamodeld;
			sourceTree = "<group>";
			versionGroupType = wrapper.xcdatamodel;
		};
/* End XCVersionGroup section */
	};
	rootObject = 12D4F4511DBCECF4005C588D /* Project object */;
}
