// !$*UTF8*$!
{
	archiveVersion = 1;
	classes = {
	};
	objectVersion = 46;
	objects = {

/* Begin PBXBuildFile section */
		12C2F3361DA90C1D003CCC34 /* AppDelegate.swift in Sources */ = {isa = PBXBuildFile; fileRef = 12C2F3351DA90C1D003CCC34 /* AppDelegate.swift */; };
		12C2F3381DA90C1D003CCC34 /* ViewController.swift in Sources */ = {isa = PBXBuildFile; fileRef = 12C2F3371DA90C1D003CCC34 /* ViewController.swift */; };
		12C2F33B1DA90C1D003CCC34 /* Main.storyboard in Resources */ = {isa = PBXBuildFile; fileRef = 12C2F3391DA90C1D003CCC34 /* Main.storyboard */; };
		12C2F33D1DA90C1D003CCC34 /* Assets.xcassets in Resources */ = {isa = PBXBuildFile; fileRef = 12C2F33C1DA90C1D003CCC34 /* Assets.xcassets */; };
		12C2F3401DA90C1D003CCC34 /* LaunchScreen.storyboard in Resources */ = {isa = PBXBuildFile; fileRef = 12C2F33E1DA90C1D003CCC34 /* LaunchScreen.storyboard */; };
		12C2F34B1DA90C1D003CCC34 /* FavouritePlaceTests.swift in Sources */ = {isa = PBXBuildFile; fileRef = 12C2F34A1DA90C1D003CCC34 /* FavouritePlaceTests.swift */; };
		12C2F3561DA90C1D003CCC34 /* FavouritePlaceUITests.swift in Sources */ = {isa = PBXBuildFile; fileRef = 12C2F3551DA90C1D003CCC34 /* FavouritePlaceUITests.swift */; };
		12C2F3641DA90D32003CCC34 /* yucca.jpg in Resources */ = {isa = PBXBuildFile; fileRef = 12C2F3631DA90D32003CCC34 /* yucca.jpg */; };
		12C2F3661DA90DDE003CCC34 /* compass.png in Resources */ = {isa = PBXBuildFile; fileRef = 12C2F3651DA90DDE003CCC34 /* compass.png */; };
		12C2F3681DA912D8003CCC34 /* yucca2.jpg in Resources */ = {isa = PBXBuildFile; fileRef = 12C2F3671DA912D8003CCC34 /* yucca2.jpg */; };
/* End PBXBuildFile section */

/* Begin PBXContainerItemProxy section */
		12C2F3471DA90C1D003CCC34 /* PBXContainerItemProxy */ = {
			isa = PBXContainerItemProxy;
			containerPortal = 12C2F32A1DA90C1C003CCC34 /* Project object */;
			proxyType = 1;
			remoteGlobalIDString = 12C2F3311DA90C1C003CCC34;
			remoteInfo = FavouritePlace;
		};
		12C2F3521DA90C1D003CCC34 /* PBXContainerItemProxy */ = {
			isa = PBXContainerItemProxy;
			containerPortal = 12C2F32A1DA90C1C003CCC34 /* Project object */;
			proxyType = 1;
			remoteGlobalIDString = 12C2F3311DA90C1C003CCC34;
			remoteInfo = FavouritePlace;
		};
/* End PBXContainerItemProxy section */

/* Begin PBXFileReference section */
		12C2F3321DA90C1C003CCC34 /* FavouritePlace.app */ = {isa = PBXFileReference; explicitFileType = wrapper.application; includeInIndex = 0; path = FavouritePlace.app; sourceTree = BUILT_PRODUCTS_DIR; };
		12C2F3351DA90C1D003CCC34 /* AppDelegate.swift */ = {isa = PBXFileReference; lastKnownFileType = sourcecode.swift; path = AppDelegate.swift; sourceTree = "<group>"; };
		12C2F3371DA90C1D003CCC34 /* ViewController.swift */ = {isa = PBXFileReference; lastKnownFileType = sourcecode.swift; path = ViewController.swift; sourceTree = "<group>"; };
		12C2F33A1DA90C1D003CCC34 /* Base */ = {isa = PBXFileReference; lastKnownFileType = file.storyboard; name = Base; path = Base.lproj/Main.storyboard; sourceTree = "<group>"; };
		12C2F33C1DA90C1D003CCC34 /* Assets.xcassets */ = {isa = PBXFileReference; lastKnownFileType = folder.assetcatalog; path = Assets.xcassets; sourceTree = "<group>"; };
		12C2F33F1DA90C1D003CCC34 /* Base */ = {isa = PBXFileReference; lastKnownFileType = file.storyboard; name = Base; path = Base.lproj/LaunchScreen.storyboard; sourceTree = "<group>"; };
		12C2F3411DA90C1D003CCC34 /* Info.plist */ = {isa = PBXFileReference; lastKnownFileType = text.plist.xml; path = Info.plist; sourceTree = "<group>"; };
		12C2F3461DA90C1D003CCC34 /* FavouritePlaceTests.xctest */ = {isa = PBXFileReference; explicitFileType = wrapper.cfbundle; includeInIndex = 0; path = FavouritePlaceTests.xctest; sourceTree = BUILT_PRODUCTS_DIR; };
		12C2F34A1DA90C1D003CCC34 /* FavouritePlaceTests.swift */ = {isa = PBXFileReference; lastKnownFileType = sourcecode.swift; path = FavouritePlaceTests.swift; sourceTree = "<group>"; };
		12C2F34C1DA90C1D003CCC34 /* Info.plist */ = {isa = PBXFileReference; lastKnownFileType = text.plist.xml; path = Info.plist; sourceTree = "<group>"; };
		12C2F3511DA90C1D003CCC34 /* FavouritePlaceUITests.xctest */ = {isa = PBXFileReference; explicitFileType = wrapper.cfbundle; includeInIndex = 0; path = FavouritePlaceUITests.xctest; sourceTree = BUILT_PRODUCTS_DIR; };
		12C2F3551DA90C1D003CCC34 /* FavouritePlaceUITests.swift */ = {isa = PBXFileReference; lastKnownFileType = sourcecode.swift; path = FavouritePlaceUITests.swift; sourceTree = "<group>"; };
		12C2F3571DA90C1D003CCC34 /* Info.plist */ = {isa = PBXFileReference; lastKnownFileType = text.plist.xml; path = Info.plist; sourceTree = "<group>"; };
		12C2F3631DA90D32003CCC34 /* yucca.jpg */ = {isa = PBXFileReference; lastKnownFileType = image.jpeg; path = yucca.jpg; sourceTree = "<group>"; };
		12C2F3651DA90DDE003CCC34 /* compass.png */ = {isa = PBXFileReference; lastKnownFileType = image.png; path = compass.png; sourceTree = "<group>"; };
		12C2F3671DA912D8003CCC34 /* yucca2.jpg */ = {isa = PBXFileReference; lastKnownFileType = image.jpeg; path = yucca2.jpg; sourceTree = "<group>"; };
/* End PBXFileReference section */

/* Begin PBXFrameworksBuildPhase section */
		12C2F32F1DA90C1C003CCC34 /* Frameworks */ = {
			isa = PBXFrameworksBuildPhase;
			buildActionMask = 2147483647;
			files = (
			);
			runOnlyForDeploymentPostprocessing = 0;
		};
		12C2F3431DA90C1D003CCC34 /* Frameworks */ = {
			isa = PBXFrameworksBuildPhase;
			buildActionMask = 2147483647;
			files = (
			);
			runOnlyForDeploymentPostprocessing = 0;
		};
		12C2F34E1DA90C1D003CCC34 /* Frameworks */ = {
			isa = PBXFrameworksBuildPhase;
			buildActionMask = 2147483647;
			files = (
			);
			runOnlyForDeploymentPostprocessing = 0;
		};
/* End PBXFrameworksBuildPhase section */

/* Begin PBXGroup section */
		12C2F3291DA90C1C003CCC34 = {
			isa = PBXGroup;
			children = (
				12C2F3341DA90C1C003CCC34 /* FavouritePlace */,
				12C2F3491DA90C1D003CCC34 /* FavouritePlaceTests */,
				12C2F3541DA90C1D003CCC34 /* FavouritePlaceUITests */,
				12C2F3331DA90C1C003CCC34 /* Products */,
			);
			sourceTree = "<group>";
		};
		12C2F3331DA90C1C003CCC34 /* Products */ = {
			isa = PBXGroup;
			children = (
				12C2F3321DA90C1C003CCC34 /* FavouritePlace.app */,
				12C2F3461DA90C1D003CCC34 /* FavouritePlaceTests.xctest */,
				12C2F3511DA90C1D003CCC34 /* FavouritePlaceUITests.xctest */,
			);
			name = Products;
			sourceTree = "<group>";
		};
		12C2F3341DA90C1C003CCC34 /* FavouritePlace */ = {
			isa = PBXGroup;
			children = (
				12C2F3351DA90C1D003CCC34 /* AppDelegate.swift */,
				12C2F3371DA90C1D003CCC34 /* ViewController.swift */,
				12C2F3391DA90C1D003CCC34 /* Main.storyboard */,
				12C2F33C1DA90C1D003CCC34 /* Assets.xcassets */,
				12C2F3651DA90DDE003CCC34 /* compass.png */,
				12C2F3671DA912D8003CCC34 /* yucca2.jpg */,
				12C2F3631DA90D32003CCC34 /* yucca.jpg */,
				12C2F33E1DA90C1D003CCC34 /* LaunchScreen.storyboard */,
				12C2F3411DA90C1D003CCC34 /* Info.plist */,
			);
			path = FavouritePlace;
			sourceTree = "<group>";
		};
		12C2F3491DA90C1D003CCC34 /* FavouritePlaceTests */ = {
			isa = PBXGroup;
			children = (
				12C2F34A1DA90C1D003CCC34 /* FavouritePlaceTests.swift */,
				12C2F34C1DA90C1D003CCC34 /* Info.plist */,
			);
			path = FavouritePlaceTests;
			sourceTree = "<group>";
		};
		12C2F3541DA90C1D003CCC34 /* FavouritePlaceUITests */ = {
			isa = PBXGroup;
			children = (
				12C2F3551DA90C1D003CCC34 /* FavouritePlaceUITests.swift */,
				12C2F3571DA90C1D003CCC34 /* Info.plist */,
			);
			path = FavouritePlaceUITests;
			sourceTree = "<group>";
		};
/* End PBXGroup section */

/* Begin PBXNativeTarget section */
		12C2F3311DA90C1C003CCC34 /* FavouritePlace */ = {
			isa = PBXNativeTarget;
			buildConfigurationList = 12C2F35A1DA90C1D003CCC34 /* Build configuration list for PBXNativeTarget "FavouritePlace" */;
			buildPhases = (
				12C2F32E1DA90C1C003CCC34 /* Sources */,
				12C2F32F1DA90C1C003CCC34 /* Frameworks */,
				12C2F3301DA90C1C003CCC34 /* Resources */,
			);
			buildRules = (
			);
			dependencies = (
			);
			name = FavouritePlace;
			productName = FavouritePlace;
			productReference = 12C2F3321DA90C1C003CCC34 /* FavouritePlace.app */;
			productType = "com.apple.product-type.application";
		};
		12C2F3451DA90C1D003CCC34 /* FavouritePlaceTests */ = {
			isa = PBXNativeTarget;
			buildConfigurationList = 12C2F35D1DA90C1D003CCC34 /* Build configuration list for PBXNativeTarget "FavouritePlaceTests" */;
			buildPhases = (
				12C2F3421DA90C1D003CCC34 /* Sources */,
				12C2F3431DA90C1D003CCC34 /* Frameworks */,
				12C2F3441DA90C1D003CCC34 /* Resources */,
			);
			buildRules = (
			);
			dependencies = (
				12C2F3481DA90C1D003CCC34 /* PBXTargetDependency */,
			);
			name = FavouritePlaceTests;
			productName = FavouritePlaceTests;
			productReference = 12C2F3461DA90C1D003CCC34 /* FavouritePlaceTests.xctest */;
			productType = "com.apple.product-type.bundle.unit-test";
		};
		12C2F3501DA90C1D003CCC34 /* FavouritePlaceUITests */ = {
			isa = PBXNativeTarget;
			buildConfigurationList = 12C2F3601DA90C1D003CCC34 /* Build configuration list for PBXNativeTarget "FavouritePlaceUITests" */;
			buildPhases = (
				12C2F34D1DA90C1D003CCC34 /* Sources */,
				12C2F34E1DA90C1D003CCC34 /* Frameworks */,
				12C2F34F1DA90C1D003CCC34 /* Resources */,
			);
			buildRules = (
			);
			dependencies = (
				12C2F3531DA90C1D003CCC34 /* PBXTargetDependency */,
			);
			name = FavouritePlaceUITests;
			productName = FavouritePlaceUITests;
			productReference = 12C2F3511DA90C1D003CCC34 /* FavouritePlaceUITests.xctest */;
			productType = "com.apple.product-type.bundle.ui-testing";
		};
/* End PBXNativeTarget section */

/* Begin PBXProject section */
		12C2F32A1DA90C1C003CCC34 /* Project object */ = {
			isa = PBXProject;
			attributes = {
				LastSwiftUpdateCheck = 0730;
				LastUpgradeCheck = 0730;
				ORGANIZATIONNAME = Arinjay;
				TargetAttributes = {
					12C2F3311DA90C1C003CCC34 = {
						CreatedOnToolsVersion = 7.3.1;
					};
					12C2F3451DA90C1D003CCC34 = {
						CreatedOnToolsVersion = 7.3.1;
						TestTargetID = 12C2F3311DA90C1C003CCC34;
					};
					12C2F3501DA90C1D003CCC34 = {
						CreatedOnToolsVersion = 7.3.1;
						TestTargetID = 12C2F3311DA90C1C003CCC34;
					};
				};
			};
			buildConfigurationList = 12C2F32D1DA90C1C003CCC34 /* Build configuration list for PBXProject "FavouritePlace" */;
			compatibilityVersion = "Xcode 3.2";
			developmentRegion = English;
			hasScannedForEncodings = 0;
			knownRegions = (
				en,
				Base,
			);
			mainGroup = 12C2F3291DA90C1C003CCC34;
			productRefGroup = 12C2F3331DA90C1C003CCC34 /* Products */;
			projectDirPath = "";
			projectRoot = "";
			targets = (
				12C2F3311DA90C1C003CCC34 /* FavouritePlace */,
				12C2F3451DA90C1D003CCC34 /* FavouritePlaceTests */,
				12C2F3501DA90C1D003CCC34 /* FavouritePlaceUITests */,
			);
		};
/* End PBXProject section */

/* Begin PBXResourcesBuildPhase section */
		12C2F3301DA90C1C003CCC34 /* Resources */ = {
			isa = PBXResourcesBuildPhase;
			buildActionMask = 2147483647;
			files = (
				12C2F3401DA90C1D003CCC34 /* LaunchScreen.storyboard in Resources */,
				12C2F3641DA90D32003CCC34 /* yucca.jpg in Resources */,
				12C2F33D1DA90C1D003CCC34 /* Assets.xcassets in Resources */,
				12C2F33B1DA90C1D003CCC34 /* Main.storyboard in Resources */,
				12C2F3681DA912D8003CCC34 /* yucca2.jpg in Resources */,
				12C2F3661DA90DDE003CCC34 /* compass.png in Resources */,
			);
			runOnlyForDeploymentPostprocessing = 0;
		};
		12C2F3441DA90C1D003CCC34 /* Resources */ = {
			isa = PBXResourcesBuildPhase;
			buildActionMask = 2147483647;
			files = (
			);
			runOnlyForDeploymentPostprocessing = 0;
		};
		12C2F34F1DA90C1D003CCC34 /* Resources */ = {
			isa = PBXResourcesBuildPhase;
			buildActionMask = 2147483647;
			files = (
			);
			runOnlyForDeploymentPostprocessing = 0;
		};
/* End PBXResourcesBuildPhase section */

/* Begin PBXSourcesBuildPhase section */
		12C2F32E1DA90C1C003CCC34 /* Sources */ = {
			isa = PBXSourcesBuildPhase;
			buildActionMask = 2147483647;
			files = (
				12C2F3381DA90C1D003CCC34 /* ViewController.swift in Sources */,
				12C2F3361DA90C1D003CCC34 /* AppDelegate.swift in Sources */,
			);
			runOnlyForDeploymentPostprocessing = 0;
		};
		12C2F3421DA90C1D003CCC34 /* Sources */ = {
			isa = PBXSourcesBuildPhase;
			buildActionMask = 2147483647;
			files = (
				12C2F34B1DA90C1D003CCC34 /* FavouritePlaceTests.swift in Sources */,
			);
			runOnlyForDeploymentPostprocessing = 0;
		};
		12C2F34D1DA90C1D003CCC34 /* Sources */ = {
			isa = PBXSourcesBuildPhase;
			buildActionMask = 2147483647;
			files = (
				12C2F3561DA90C1D003CCC34 /* FavouritePlaceUITests.swift in Sources */,
			);
			runOnlyForDeploymentPostprocessing = 0;
		};
/* End PBXSourcesBuildPhase section */

/* Begin PBXTargetDependency section */
		12C2F3481DA90C1D003CCC34 /* PBXTargetDependency */ = {
			isa = PBXTargetDependency;
			target = 12C2F3311DA90C1C003CCC34 /* FavouritePlace */;
			targetProxy = 12C2F3471DA90C1D003CCC34 /* PBXContainerItemProxy */;
		};
		12C2F3531DA90C1D003CCC34 /* PBXTargetDependency */ = {
			isa = PBXTargetDependency;
			target = 12C2F3311DA90C1C003CCC34 /* FavouritePlace */;
			targetProxy = 12C2F3521DA90C1D003CCC34 /* PBXContainerItemProxy */;
		};
/* End PBXTargetDependency section */

/* Begin PBXVariantGroup section */
		12C2F3391DA90C1D003CCC34 /* Main.storyboard */ = {
			isa = PBXVariantGroup;
			children = (
				12C2F33A1DA90C1D003CCC34 /* Base */,
			);
			name = Main.storyboard;
			sourceTree = "<group>";
		};
		12C2F33E1DA90C1D003CCC34 /* LaunchScreen.storyboard */ = {
			isa = PBXVariantGroup;
			children = (
				12C2F33F1DA90C1D003CCC34 /* Base */,
			);
			name = LaunchScreen.storyboard;
			sourceTree = "<group>";
		};
/* End PBXVariantGroup section */

/* Begin XCBuildConfiguration section */
		12C2F3581DA90C1D003CCC34 /* Debug */ = {
			isa = XCBuildConfiguration;
			buildSettings = {
				ALWAYS_SEARCH_USER_PATHS = NO;
				CLANG_ANALYZER_NONNULL = YES;
				CLANG_CXX_LANGUAGE_STANDARD = "gnu++0x";
				CLANG_CXX_LIBRARY = "libc++";
				CLANG_ENABLE_MODULES = YES;
				CLANG_ENABLE_OBJC_ARC = YES;
				CLANG_WARN_BOOL_CONVERSION = YES;
				CLANG_WARN_CONSTANT_CONVERSION = YES;
				CLANG_WARN_DIRECT_OBJC_ISA_USAGE = YES_ERROR;
				CLANG_WARN_EMPTY_BODY = YES;
				CLANG_WARN_ENUM_CONVERSION = YES;
				CLANG_WARN_INT_CONVERSION = YES;
				CLANG_WARN_OBJC_ROOT_CLASS = YES_ERROR;
				CLANG_WARN_UNREACHABLE_CODE = YES;
				CLANG_WARN__DUPLICATE_METHOD_MATCH = YES;
				"CODE_SIGN_IDENTITY[sdk=iphoneos*]" = "iPhone Developer";
				COPY_PHASE_STRIP = NO;
				DEBUG_INFORMATION_FORMAT = dwarf;
				ENABLE_STRICT_OBJC_MSGSEND = YES;
				ENABLE_TESTABILITY = YES;
				GCC_C_LANGUAGE_STANDARD = gnu99;
				GCC_DYNAMIC_NO_PIC = NO;
				GCC_NO_COMMON_BLOCKS = YES;
				GCC_OPTIMIZATION_LEVEL = 0;
				GCC_PREPROCESSOR_DEFINITIONS = (
					"DEBUG=1",
					"$(inherited)",
				);
				GCC_WARN_64_TO_32_BIT_CONVERSION = YES;
				GCC_WARN_ABOUT_RETURN_TYPE = YES_ERROR;
				GCC_WARN_UNDECLARED_SELECTOR = YES;
				GCC_WARN_UNINITIALIZED_AUTOS = YES_AGGRESSIVE;
				GCC_WARN_UNUSED_FUNCTION = YES;
				GCC_WARN_UNUSED_VARIABLE = YES;
				IPHONEOS_DEPLOYMENT_TARGET = 9.3;
				MTL_ENABLE_DEBUG_INFO = YES;
				ONLY_ACTIVE_ARCH = YES;
				SDKROOT = iphoneos;
				SWIFT_OPTIMIZATION_LEVEL = "-Onone";
			};
			name = Debug;
		};
		12C2F3591DA90C1D003CCC34 /* Release */ = {
			isa = XCBuildConfiguration;
			buildSettings = {
				ALWAYS_SEARCH_USER_PATHS = NO;
				CLANG_ANALYZER_NONNULL = YES;
				CLANG_CXX_LANGUAGE_STANDARD = "gnu++0x";
				CLANG_CXX_LIBRARY = "libc++";
				CLANG_ENABLE_MODULES = YES;
				CLANG_ENABLE_OBJC_ARC = YES;
				CLANG_WARN_BOOL_CONVERSION = YES;
				CLANG_WARN_CONSTANT_CONVERSION = YES;
				CLANG_WARN_DIRECT_OBJC_ISA_USAGE = YES_ERROR;
				CLANG_WARN_EMPTY_BODY = YES;
				CLANG_WARN_ENUM_CONVERSION = YES;
				CLANG_WARN_INT_CONVERSION = YES;
				CLANG_WARN_OBJC_ROOT_CLASS = YES_ERROR;
				CLANG_WARN_UNREACHABLE_CODE = YES;
				CLANG_WARN__DUPLICATE_METHOD_MATCH = YES;
				"CODE_SIGN_IDENTITY[sdk=iphoneos*]" = "iPhone Developer";
				COPY_PHASE_STRIP = NO;
				DEBUG_INFORMATION_FORMAT = "dwarf-with-dsym";
				ENABLE_NS_ASSERTIONS = NO;
				ENABLE_STRICT_OBJC_MSGSEND = YES;
				GCC_C_LANGUAGE_STANDARD = gnu99;
				GCC_NO_COMMON_BLOCKS = YES;
				GCC_WARN_64_TO_32_BIT_CONVERSION = YES;
				GCC_WARN_ABOUT_RETURN_TYPE = YES_ERROR;
				GCC_WARN_UNDECLARED_SELECTOR = YES;
				GCC_WARN_UNINITIALIZED_AUTOS = YES_AGGRESSIVE;
				GCC_WARN_UNUSED_FUNCTION = YES;
				GCC_WARN_UNUSED_VARIABLE = YES;
				IPHONEOS_DEPLOYMENT_TARGET = 9.3;
				MTL_ENABLE_DEBUG_INFO = NO;
				SDKROOT = iphoneos;
				VALIDATE_PRODUCT = YES;
			};
			name = Release;
		};
		12C2F35B1DA90C1D003CCC34 /* Debug */ = {
			isa = XCBuildConfiguration;
			buildSettings = {
				ASSETCATALOG_COMPILER_APPICON_NAME = AppIcon;
				INFOPLIST_FILE = FavouritePlace/Info.plist;
				LD_RUNPATH_SEARCH_PATHS = "$(inherited) @executable_path/Frameworks";
				PRODUCT_BUNDLE_IDENTIFIER = com.Arinjay.FavouritePlace;
				PRODUCT_NAME = "$(TARGET_NAME)";
			};
			name = Debug;
		};
		12C2F35C1DA90C1D003CCC34 /* Release */ = {
			isa = XCBuildConfiguration;
			buildSettings = {
				ASSETCATALOG_COMPILER_APPICON_NAME = AppIcon;
				INFOPLIST_FILE = FavouritePlace/Info.plist;
				LD_RUNPATH_SEARCH_PATHS = "$(inherited) @executable_path/Frameworks";
				PRODUCT_BUNDLE_IDENTIFIER = com.Arinjay.FavouritePlace;
				PRODUCT_NAME = "$(TARGET_NAME)";
			};
			name = Release;
		};
		12C2F35E1DA90C1D003CCC34 /* Debug */ = {
			isa = XCBuildConfiguration;
			buildSettings = {
				BUNDLE_LOADER = "$(TEST_HOST)";
				INFOPLIST_FILE = FavouritePlaceTests/Info.plist;
				LD_RUNPATH_SEARCH_PATHS = "$(inherited) @executable_path/Frameworks @loader_path/Frameworks";
				PRODUCT_BUNDLE_IDENTIFIER = com.Arinjay.FavouritePlaceTests;
				PRODUCT_NAME = "$(TARGET_NAME)";
				TEST_HOST = "$(BUILT_PRODUCTS_DIR)/FavouritePlace.app/FavouritePlace";
			};
			name = Debug;
		};
		12C2F35F1DA90C1D003CCC34 /* Release */ = {
			isa = XCBuildConfiguration;
			buildSettings = {
				BUNDLE_LOADER = "$(TEST_HOST)";
				INFOPLIST_FILE = FavouritePlaceTests/Info.plist;
				LD_RUNPATH_SEARCH_PATHS = "$(inherited) @executable_path/Frameworks @loader_path/Frameworks";
				PRODUCT_BUNDLE_IDENTIFIER = com.Arinjay.FavouritePlaceTests;
				PRODUCT_NAME = "$(TARGET_NAME)";
				TEST_HOST = "$(BUILT_PRODUCTS_DIR)/FavouritePlace.app/FavouritePlace";
			};
			name = Release;
		};
		12C2F3611DA90C1D003CCC34 /* Debug */ = {
			isa = XCBuildConfiguration;
			buildSettings = {
				INFOPLIST_FILE = FavouritePlaceUITests/Info.plist;
				LD_RUNPATH_SEARCH_PATHS = "$(inherited) @executable_path/Frameworks @loader_path/Frameworks";
				PRODUCT_BUNDLE_IDENTIFIER = com.Arinjay.FavouritePlaceUITests;
				PRODUCT_NAME = "$(TARGET_NAME)";
				TEST_TARGET_NAME = FavouritePlace;
			};
			name = Debug;
		};
		12C2F3621DA90C1D003CCC34 /* Release */ = {
			isa = XCBuildConfiguration;
			buildSettings = {
				INFOPLIST_FILE = FavouritePlaceUITests/Info.plist;
				LD_RUNPATH_SEARCH_PATHS = "$(inherited) @executable_path/Frameworks @loader_path/Frameworks";
				PRODUCT_BUNDLE_IDENTIFIER = com.Arinjay.FavouritePlaceUITests;
				PRODUCT_NAME = "$(TARGET_NAME)";
				TEST_TARGET_NAME = FavouritePlace;
			};
			name = Release;
		};
/* End XCBuildConfiguration section */

/* Begin XCConfigurationList section */
		12C2F32D1DA90C1C003CCC34 /* Build configuration list for PBXProject "FavouritePlace" */ = {
			isa = XCConfigurationList;
			buildConfigurations = (
				12C2F3581DA90C1D003CCC34 /* Debug */,
				12C2F3591DA90C1D003CCC34 /* Release */,
			);
			defaultConfigurationIsVisible = 0;
			defaultConfigurationName = Release;
		};
		12C2F35A1DA90C1D003CCC34 /* Build configuration list for PBXNativeTarget "FavouritePlace" */ = {
			isa = XCConfigurationList;
			buildConfigurations = (
				12C2F35B1DA90C1D003CCC34 /* Debug */,
				12C2F35C1DA90C1D003CCC34 /* Release */,
			);
			defaultConfigurationIsVisible = 0;
		};
		12C2F35D1DA90C1D003CCC34 /* Build configuration list for PBXNativeTarget "FavouritePlaceTests" */ = {
			isa = XCConfigurationList;
			buildConfigurations = (
				12C2F35E1DA90C1D003CCC34 /* Debug */,
				12C2F35F1DA90C1D003CCC34 /* Release */,
			);
			defaultConfigurationIsVisible = 0;
		};
		12C2F3601DA90C1D003CCC34 /* Build configuration list for PBXNativeTarget "FavouritePlaceUITests" */ = {
			isa = XCConfigurationList;
			buildConfigurations = (
				12C2F3611DA90C1D003CCC34 /* Debug */,
				12C2F3621DA90C1D003CCC34 /* Release */,
			);
			defaultConfigurationIsVisible = 0;
		};
/* End XCConfigurationList section */
	};
	rootObject = 12C2F32A1DA90C1C003CCC34 /* Project object */;
}
