// !$*UTF8*$!
{
	archiveVersion = 1;
	classes = {
	};
	objectVersion = 46;
	objects = {

/* Begin PBXBuildFile section */
		C734A7421E164BA6000C4A87 /* AppDelegate.swift in Sources */ = {isa = PBXBuildFile; fileRef = C734A7411E164BA6000C4A87 /* AppDelegate.swift */; };
		C734A7471E164BA6000C4A87 /* Main.storyboard in Resources */ = {isa = PBXBuildFile; fileRef = C734A7451E164BA6000C4A87 /* Main.storyboard */; };
		C734A7491E164BA6000C4A87 /* Assets.xcassets in Resources */ = {isa = PBXBuildFile; fileRef = C734A7481E164BA6000C4A87 /* Assets.xcassets */; };
		C734A74C1E164BA6000C4A87 /* LaunchScreen.storyboard in Resources */ = {isa = PBXBuildFile; fileRef = C734A74A1E164BA6000C4A87 /* LaunchScreen.storyboard */; };
		C734A7541E1651EB000C4A87 /* MovieTableViewController.swift in Sources */ = {isa = PBXBuildFile; fileRef = C734A7531E1651EB000C4A87 /* MovieTableViewController.swift */; };
		C734A7561E165299000C4A87 /* Movie.swift in Sources */ = {isa = PBXBuildFile; fileRef = C734A7551E165299000C4A87 /* Movie.swift */; };
		C75DD40E1E31517000017AD8 /* MovieCollectionViewController.swift in Sources */ = {isa = PBXBuildFile; fileRef = C75DD40D1E31517000017AD8 /* MovieCollectionViewController.swift */; };
		C75DD4101E31519200017AD8 /* MovieCollectionViewCell.swift in Sources */ = {isa = PBXBuildFile; fileRef = C75DD40F1E31519200017AD8 /* MovieCollectionViewCell.swift */; };
/* End PBXBuildFile section */

/* Begin PBXFileReference section */
		C734A73E1E164BA6000C4A87 /* MoTrack.app */ = {isa = PBXFileReference; explicitFileType = wrapper.application; includeInIndex = 0; path = MoTrack.app; sourceTree = BUILT_PRODUCTS_DIR; };
		C734A7411E164BA6000C4A87 /* AppDelegate.swift */ = {isa = PBXFileReference; lastKnownFileType = sourcecode.swift; path = AppDelegate.swift; sourceTree = "<group>"; };
		C734A7461E164BA6000C4A87 /* Base */ = {isa = PBXFileReference; lastKnownFileType = file.storyboard; name = Base; path = Base.lproj/Main.storyboard; sourceTree = "<group>"; };
		C734A7481E164BA6000C4A87 /* Assets.xcassets */ = {isa = PBXFileReference; lastKnownFileType = folder.assetcatalog; path = Assets.xcassets; sourceTree = "<group>"; };
		C734A74B1E164BA6000C4A87 /* Base */ = {isa = PBXFileReference; lastKnownFileType = file.storyboard; name = Base; path = Base.lproj/LaunchScreen.storyboard; sourceTree = "<group>"; };
		C734A74D1E164BA6000C4A87 /* Info.plist */ = {isa = PBXFileReference; lastKnownFileType = text.plist.xml; path = Info.plist; sourceTree = "<group>"; };
		C734A7531E1651EB000C4A87 /* MovieTableViewController.swift */ = {isa = PBXFileReference; fileEncoding = 4; lastKnownFileType = sourcecode.swift; path = MovieTableViewController.swift; sourceTree = "<group>"; };
		C734A7551E165299000C4A87 /* Movie.swift */ = {isa = PBXFileReference; fileEncoding = 4; lastKnownFileType = sourcecode.swift; path = Movie.swift; sourceTree = "<group>"; };
		C75DD40D1E31517000017AD8 /* MovieCollectionViewController.swift */ = {isa = PBXFileReference; fileEncoding = 4; lastKnownFileType = sourcecode.swift; path = MovieCollectionViewController.swift; sourceTree = "<group>"; };
		C75DD40F1E31519200017AD8 /* MovieCollectionViewCell.swift */ = {isa = PBXFileReference; fileEncoding = 4; lastKnownFileType = sourcecode.swift; path = MovieCollectionViewCell.swift; sourceTree = "<group>"; };
/* End PBXFileReference section */

/* Begin PBXFrameworksBuildPhase section */
		C734A73B1E164BA6000C4A87 /* Frameworks */ = {
			isa = PBXFrameworksBuildPhase;
			buildActionMask = 2147483647;
			files = (
			);
			runOnlyForDeploymentPostprocessing = 0;
		};
/* End PBXFrameworksBuildPhase section */

/* Begin PBXGroup section */
		C734A7351E164BA6000C4A87 = {
			isa = PBXGroup;
			children = (
				C734A7401E164BA6000C4A87 /* MoTrack */,
				C734A73F1E164BA6000C4A87 /* Products */,
			);
			sourceTree = "<group>";
		};
		C734A73F1E164BA6000C4A87 /* Products */ = {
			isa = PBXGroup;
			children = (
				C734A73E1E164BA6000C4A87 /* MoTrack.app */,
			);
			name = Products;
			sourceTree = "<group>";
		};
		C734A7401E164BA6000C4A87 /* MoTrack */ = {
			isa = PBXGroup;
			children = (
				C734A7411E164BA6000C4A87 /* AppDelegate.swift */,
				C734A7531E1651EB000C4A87 /* MovieTableViewController.swift */,
				C75DD40D1E31517000017AD8 /* MovieCollectionViewController.swift */,
				C75DD40F1E31519200017AD8 /* MovieCollectionViewCell.swift */,
				C734A7551E165299000C4A87 /* Movie.swift */,
				C734A7451E164BA6000C4A87 /* Main.storyboard */,
				C734A7481E164BA6000C4A87 /* Assets.xcassets */,
				C734A74A1E164BA6000C4A87 /* LaunchScreen.storyboard */,
				C734A74D1E164BA6000C4A87 /* Info.plist */,
			);
			path = MoTrack;
			sourceTree = "<group>";
		};
/* End PBXGroup section */

/* Begin PBXNativeTarget section */
		C734A73D1E164BA6000C4A87 /* MoTrack */ = {
			isa = PBXNativeTarget;
			buildConfigurationList = C734A7501E164BA6000C4A87 /* Build configuration list for PBXNativeTarget "MoTrack" */;
			buildPhases = (
				C734A73A1E164BA6000C4A87 /* Sources */,
				C734A73B1E164BA6000C4A87 /* Frameworks */,
				C734A73C1E164BA6000C4A87 /* Resources */,
			);
			buildRules = (
			);
			dependencies = (
			);
			name = MoTrack;
			productName = MoTrack;
			productReference = C734A73E1E164BA6000C4A87 /* MoTrack.app */;
			productType = "com.apple.product-type.application";
		};
/* End PBXNativeTarget section */

/* Begin PBXProject section */
		C734A7361E164BA6000C4A87 /* Project object */ = {
			isa = PBXProject;
			attributes = {
				LastSwiftUpdateCheck = 0810;
				LastUpgradeCheck = 0810;
				ORGANIZATIONNAME = "Arinjay Sharma";
				TargetAttributes = {
					C734A73D1E164BA6000C4A87 = {
						CreatedOnToolsVersion = 8.1;
						ProvisioningStyle = Automatic;
					};
				};
			};
			buildConfigurationList = C734A7391E164BA6000C4A87 /* Build configuration list for PBXProject "MoTrack" */;
			compatibilityVersion = "Xcode 3.2";
			developmentRegion = English;
			hasScannedForEncodings = 0;
			knownRegions = (
				en,
				Base,
			);
			mainGroup = C734A7351E164BA6000C4A87;
			productRefGroup = C734A73F1E164BA6000C4A87 /* Products */;
			projectDirPath = "";
			projectRoot = "";
			targets = (
				C734A73D1E164BA6000C4A87 /* MoTrack */,
			);
		};
/* End PBXProject section */

/* Begin PBXResourcesBuildPhase section */
		C734A73C1E164BA6000C4A87 /* Resources */ = {
			isa = PBXResourcesBuildPhase;
			buildActionMask = 2147483647;
			files = (
				C734A74C1E164BA6000C4A87 /* LaunchScreen.storyboard in Resources */,
				C734A7491E164BA6000C4A87 /* Assets.xcassets in Resources */,
				C734A7471E164BA6000C4A87 /* Main.storyboard in Resources */,
			);
			runOnlyForDeploymentPostprocessing = 0;
		};
/* End PBXResourcesBuildPhase section */

/* Begin PBXSourcesBuildPhase section */
		C734A73A1E164BA6000C4A87 /* Sources */ = {
			isa = PBXSourcesBuildPhase;
			buildActionMask = 2147483647;
			files = (
				C734A7541E1651EB000C4A87 /* MovieTableViewController.swift in Sources */,
				C75DD40E1E31517000017AD8 /* MovieCollectionViewController.swift in Sources */,
				C75DD4101E31519200017AD8 /* MovieCollectionViewCell.swift in Sources */,
				C734A7421E164BA6000C4A87 /* AppDelegate.swift in Sources */,
				C734A7561E165299000C4A87 /* Movie.swift in Sources */,
			);
			runOnlyForDeploymentPostprocessing = 0;
		};
/* End PBXSourcesBuildPhase section */

/* Begin PBXVariantGroup section */
		C734A7451E164BA6000C4A87 /* Main.storyboard */ = {
			isa = PBXVariantGroup;
			children = (
				C734A7461E164BA6000C4A87 /* Base */,
			);
			name = Main.storyboard;
			sourceTree = "<group>";
		};
		C734A74A1E164BA6000C4A87 /* LaunchScreen.storyboard */ = {
			isa = PBXVariantGroup;
			children = (
				C734A74B1E164BA6000C4A87 /* Base */,
			);
			name = LaunchScreen.storyboard;
			sourceTree = "<group>";
		};
/* End PBXVariantGroup section */

/* Begin XCBuildConfiguration section */
		C734A74E1E164BA6000C4A87 /* Debug */ = {
			isa = XCBuildConfiguration;
			buildSettings = {
				ALWAYS_SEARCH_USER_PATHS = NO;
				CLANG_ANALYZER_NONNULL = YES;
				CLANG_CXX_LANGUAGE_STANDARD = "gnu++0x";
				CLANG_CXX_LIBRARY = "libc++";
				CLANG_ENABLE_MODULES = YES;
				CLANG_ENABLE_OBJC_ARC = YES;
				CLANG_WARN_BOOL_CONVERSION = YES;
				CLANG_WARN_CONSTANT_CONVERSION = YES;
				CLANG_WARN_DIRECT_OBJC_ISA_USAGE = YES_ERROR;
				CLANG_WARN_DOCUMENTATION_COMMENTS = YES;
				CLANG_WARN_EMPTY_BODY = YES;
				CLANG_WARN_ENUM_CONVERSION = YES;
				CLANG_WARN_INFINITE_RECURSION = YES;
				CLANG_WARN_INT_CONVERSION = YES;
				CLANG_WARN_OBJC_ROOT_CLASS = YES_ERROR;
				CLANG_WARN_SUSPICIOUS_MOVES = YES;
				CLANG_WARN_UNREACHABLE_CODE = YES;
				CLANG_WARN__DUPLICATE_METHOD_MATCH = YES;
				"CODE_SIGN_IDENTITY[sdk=iphoneos*]" = "iPhone Developer";
				COPY_PHASE_STRIP = NO;
				DEBUG_INFORMATION_FORMAT = dwarf;
				ENABLE_STRICT_OBJC_MSGSEND = YES;
				ENABLE_TESTABILITY = YES;
				GCC_C_LANGUAGE_STANDARD = gnu99;
				GCC_DYNAMIC_NO_PIC = NO;
				GCC_NO_COMMON_BLOCKS = YES;
				GCC_OPTIMIZATION_LEVEL = 0;
				GCC_PREPROCESSOR_DEFINITIONS = (
					"DEBUG=1",
					"$(inherited)",
				);
				GCC_WARN_64_TO_32_BIT_CONVERSION = YES;
				GCC_WARN_ABOUT_RETURN_TYPE = YES_ERROR;
				GCC_WARN_UNDECLARED_SELECTOR = YES;
				GCC_WARN_UNINITIALIZED_AUTOS = YES_AGGRESSIVE;
				GCC_WARN_UNUSED_FUNCTION = YES;
				GCC_WARN_UNUSED_VARIABLE = YES;
				IPHONEOS_DEPLOYMENT_TARGET = 10.1;
				MTL_ENABLE_DEBUG_INFO = YES;
				ONLY_ACTIVE_ARCH = YES;
				SDKROOT = iphoneos;
				SWIFT_ACTIVE_COMPILATION_CONDITIONS = DEBUG;
				SWIFT_OPTIMIZATION_LEVEL = "-Onone";
				TARGETED_DEVICE_FAMILY = "1,2";
			};
			name = Debug;
		};
		C734A74F1E164BA6000C4A87 /* Release */ = {
			isa = XCBuildConfiguration;
			buildSettings = {
				ALWAYS_SEARCH_USER_PATHS = NO;
				CLANG_ANALYZER_NONNULL = YES;
				CLANG_CXX_LANGUAGE_STANDARD = "gnu++0x";
				CLANG_CXX_LIBRARY = "libc++";
				CLANG_ENABLE_MODULES = YES;
				CLANG_ENABLE_OBJC_ARC = YES;
				CLANG_WARN_BOOL_CONVERSION = YES;
				CLANG_WARN_CONSTANT_CONVERSION = YES;
				CLANG_WARN_DIRECT_OBJC_ISA_USAGE = YES_ERROR;
				CLANG_WARN_DOCUMENTATION_COMMENTS = YES;
				CLANG_WARN_EMPTY_BODY = YES;
				CLANG_WARN_ENUM_CONVERSION = YES;
				CLANG_WARN_INFINITE_RECURSION = YES;
				CLANG_WARN_INT_CONVERSION = YES;
				CLANG_WARN_OBJC_ROOT_CLASS = YES_ERROR;
				CLANG_WARN_SUSPICIOUS_MOVES = YES;
				CLANG_WARN_UNREACHABLE_CODE = YES;
				CLANG_WARN__DUPLICATE_METHOD_MATCH = YES;
				"CODE_SIGN_IDENTITY[sdk=iphoneos*]" = "iPhone Developer";
				COPY_PHASE_STRIP = NO;
				DEBUG_INFORMATION_FORMAT = "dwarf-with-dsym";
				ENABLE_NS_ASSERTIONS = NO;
				ENABLE_STRICT_OBJC_MSGSEND = YES;
				GCC_C_LANGUAGE_STANDARD = gnu99;
				GCC_NO_COMMON_BLOCKS = YES;
				GCC_WARN_64_TO_32_BIT_CONVERSION = YES;
				GCC_WARN_ABOUT_RETURN_TYPE = YES_ERROR;
				GCC_WARN_UNDECLARED_SELECTOR = YES;
				GCC_WARN_UNINITIALIZED_AUTOS = YES_AGGRESSIVE;
				GCC_WARN_UNUSED_FUNCTION = YES;
				GCC_WARN_UNUSED_VARIABLE = YES;
				IPHONEOS_DEPLOYMENT_TARGET = 10.1;
				MTL_ENABLE_DEBUG_INFO = NO;
				SDKROOT = iphoneos;
				SWIFT_OPTIMIZATION_LEVEL = "-Owholemodule";
				TARGETED_DEVICE_FAMILY = "1,2";
				VALIDATE_PRODUCT = YES;
			};
			name = Release;
		};
		C734A7511E164BA6000C4A87 /* Debug */ = {
			isa = XCBuildConfiguration;
			buildSettings = {
				ASSETCATALOG_COMPILER_APPICON_NAME = AppIcon;
				INFOPLIST_FILE = MoTrack/Info.plist;
				LD_RUNPATH_SEARCH_PATHS = "$(inherited) @executable_path/Frameworks";
				PRODUCT_BUNDLE_IDENTIFIER = com.Arinjay.MoTrack;
				PRODUCT_NAME = "$(TARGET_NAME)";
				SWIFT_VERSION = 3.0;
			};
			name = Debug;
		};
		C734A7521E164BA6000C4A87 /* Release */ = {
			isa = XCBuildConfiguration;
			buildSettings = {
				ASSETCATALOG_COMPILER_APPICON_NAME = AppIcon;
				INFOPLIST_FILE = MoTrack/Info.plist;
				LD_RUNPATH_SEARCH_PATHS = "$(inherited) @executable_path/Frameworks";
				PRODUCT_BUNDLE_IDENTIFIER = com.Arinjay.MoTrack;
				PRODUCT_NAME = "$(TARGET_NAME)";
				SWIFT_VERSION = 3.0;
			};
			name = Release;
		};
/* End XCBuildConfiguration section */

/* Begin XCConfigurationList section */
		C734A7391E164BA6000C4A87 /* Build configuration list for PBXProject "MoTrack" */ = {
			isa = XCConfigurationList;
			buildConfigurations = (
				C734A74E1E164BA6000C4A87 /* Debug */,
				C734A74F1E164BA6000C4A87 /* Release */,
			);
			defaultConfigurationIsVisible = 0;
			defaultConfigurationName = Release;
		};
		C734A7501E164BA6000C4A87 /* Build configuration list for PBXNativeTarget "MoTrack" */ = {
			isa = XCConfigurationList;
			buildConfigurations = (
				C734A7511E164BA6000C4A87 /* Debug */,
				C734A7521E164BA6000C4A87 /* Release */,
			);
			defaultConfigurationIsVisible = 0;
			defaultConfigurationName = Release;
		};
/* End XCConfigurationList section */
	};
	rootObject = C734A7361E164BA6000C4A87 /* Project object */;
}
