// !$*UTF8*$!
{
	archiveVersion = 1;
	classes = {
	};
	objectVersion = 46;
	objects = {

/* Begin PBXBuildFile section */
		1232E2021D4FA51400548543 /* AppDelegate.swift in Sources */ = {isa = PBXBuildFile; fileRef = 1232E2011D4FA51400548543 /* AppDelegate.swift */; };
		1232E2041D4FA51400548543 /* ViewController.swift in Sources */ = {isa = PBXBuildFile; fileRef = 1232E2031D4FA51400548543 /* ViewController.swift */; };
		1232E2071D4FA51400548543 /* Main.storyboard in Resources */ = {isa = PBXBuildFile; fileRef = 1232E2051D4FA51400548543 /* Main.storyboard */; };
		1232E2091D4FA51400548543 /* Assets.xcassets in Resources */ = {isa = PBXBuildFile; fileRef = 1232E2081D4FA51400548543 /* Assets.xcassets */; };
		1232E20C1D4FA51400548543 /* LaunchScreen.storyboard in Resources */ = {isa = PBXBuildFile; fileRef = 1232E20A1D4FA51400548543 /* LaunchScreen.storyboard */; };
/* End PBXBuildFile section */

/* Begin PBXFileReference section */
		1232E1FE1D4FA51400548543 /* guessgame.app */ = {isa = PBXFileReference; explicitFileType = wrapper.application; includeInIndex = 0; path = guessgame.app; sourceTree = BUILT_PRODUCTS_DIR; };
		1232E2011D4FA51400548543 /* AppDelegate.swift */ = {isa = PBXFileReference; lastKnownFileType = sourcecode.swift; path = AppDelegate.swift; sourceTree = "<group>"; };
		1232E2031D4FA51400548543 /* ViewController.swift */ = {isa = PBXFileReference; lastKnownFileType = sourcecode.swift; path = ViewController.swift; sourceTree = "<group>"; };
		1232E2061D4FA51400548543 /* Base */ = {isa = PBXFileReference; lastKnownFileType = file.storyboard; name = Base; path = Base.lproj/Main.storyboard; sourceTree = "<group>"; };
		1232E2081D4FA51400548543 /* Assets.xcassets */ = {isa = PBXFileReference; lastKnownFileType = folder.assetcatalog; path = Assets.xcassets; sourceTree = "<group>"; };
		1232E20B1D4FA51400548543 /* Base */ = {isa = PBXFileReference; lastKnownFileType = file.storyboard; name = Base; path = Base.lproj/LaunchScreen.storyboard; sourceTree = "<group>"; };
		1232E20D1D4FA51400548543 /* Info.plist */ = {isa = PBXFileReference; lastKnownFileType = text.plist.xml; path = Info.plist; sourceTree = "<group>"; };
/* End PBXFileReference section */

/* Begin PBXFrameworksBuildPhase section */
		1232E1FB1D4FA51300548543 /* Frameworks */ = {
			isa = PBXFrameworksBuildPhase;
			buildActionMask = 2147483647;
			files = (
			);
			runOnlyForDeploymentPostprocessing = 0;
		};
/* End PBXFrameworksBuildPhase section */

/* Begin PBXGroup section */
		1232E1F51D4FA51300548543 = {
			isa = PBXGroup;
			children = (
				1232E2001D4FA51400548543 /* guessgame */,
				1232E1FF1D4FA51400548543 /* Products */,
			);
			sourceTree = "<group>";
		};
		1232E1FF1D4FA51400548543 /* Products */ = {
			isa = PBXGroup;
			children = (
				1232E1FE1D4FA51400548543 /* guessgame.app */,
			);
			name = Products;
			sourceTree = "<group>";
		};
		1232E2001D4FA51400548543 /* guessgame */ = {
			isa = PBXGroup;
			children = (
				1232E2011D4FA51400548543 /* AppDelegate.swift */,
				1232E2031D4FA51400548543 /* ViewController.swift */,
				1232E2051D4FA51400548543 /* Main.storyboard */,
				1232E2081D4FA51400548543 /* Assets.xcassets */,
				1232E20A1D4FA51400548543 /* LaunchScreen.storyboard */,
				1232E20D1D4FA51400548543 /* Info.plist */,
			);
			path = guessgame;
			sourceTree = "<group>";
		};
/* End PBXGroup section */

/* Begin PBXNativeTarget section */
		1232E1FD1D4FA51300548543 /* guessgame */ = {
			isa = PBXNativeTarget;
			buildConfigurationList = 1232E2101D4FA51400548543 /* Build configuration list for PBXNativeTarget "guessgame" */;
			buildPhases = (
				1232E1FA1D4FA51300548543 /* Sources */,
				1232E1FB1D4FA51300548543 /* Frameworks */,
				1232E1FC1D4FA51300548543 /* Resources */,
			);
			buildRules = (
			);
			dependencies = (
			);
			name = guessgame;
			productName = guessgame;
			productReference = 1232E1FE1D4FA51400548543 /* guessgame.app */;
			productType = "com.apple.product-type.application";
		};
/* End PBXNativeTarget section */

/* Begin PBXProject section */
		1232E1F61D4FA51300548543 /* Project object */ = {
			isa = PBXProject;
			attributes = {
				LastSwiftUpdateCheck = 0730;
				LastUpgradeCheck = 0730;
				ORGANIZATIONNAME = Arinjay;
				TargetAttributes = {
					1232E1FD1D4FA51300548543 = {
						CreatedOnToolsVersion = 7.3.1;
					};
				};
			};
			buildConfigurationList = 1232E1F91D4FA51300548543 /* Build configuration list for PBXProject "guessgame" */;
			compatibilityVersion = "Xcode 3.2";
			developmentRegion = English;
			hasScannedForEncodings = 0;
			knownRegions = (
				en,
				Base,
			);
			mainGroup = 1232E1F51D4FA51300548543;
			productRefGroup = 1232E1FF1D4FA51400548543 /* Products */;
			projectDirPath = "";
			projectRoot = "";
			targets = (
				1232E1FD1D4FA51300548543 /* guessgame */,
			);
		};
/* End PBXProject section */

/* Begin PBXResourcesBuildPhase section */
		1232E1FC1D4FA51300548543 /* Resources */ = {
			isa = PBXResourcesBuildPhase;
			buildActionMask = 2147483647;
			files = (
				1232E20C1D4FA51400548543 /* LaunchScreen.storyboard in Resources */,
				1232E2091D4FA51400548543 /* Assets.xcassets in Resources */,
				1232E2071D4FA51400548543 /* Main.storyboard in Resources */,
			);
			runOnlyForDeploymentPostprocessing = 0;
		};
/* End PBXResourcesBuildPhase section */

/* Begin PBXSourcesBuildPhase section */
		1232E1FA1D4FA51300548543 /* Sources */ = {
			isa = PBXSourcesBuildPhase;
			buildActionMask = 2147483647;
			files = (
				1232E2041D4FA51400548543 /* ViewController.swift in Sources */,
				1232E2021D4FA51400548543 /* AppDelegate.swift in Sources */,
			);
			runOnlyForDeploymentPostprocessing = 0;
		};
/* End PBXSourcesBuildPhase section */

/* Begin PBXVariantGroup section */
		1232E2051D4FA51400548543 /* Main.storyboard */ = {
			isa = PBXVariantGroup;
			children = (
				1232E2061D4FA51400548543 /* Base */,
			);
			name = Main.storyboard;
			sourceTree = "<group>";
		};
		1232E20A1D4FA51400548543 /* LaunchScreen.storyboard */ = {
			isa = PBXVariantGroup;
			children = (
				1232E20B1D4FA51400548543 /* Base */,
			);
			name = LaunchScreen.storyboard;
			sourceTree = "<group>";
		};
/* End PBXVariantGroup section */

/* Begin XCBuildConfiguration section */
		1232E20E1D4FA51400548543 /* Debug */ = {
			isa = XCBuildConfiguration;
			buildSettings = {
				ALWAYS_SEARCH_USER_PATHS = NO;
				CLANG_ANALYZER_NONNULL = YES;
				CLANG_CXX_LANGUAGE_STANDARD = "gnu++0x";
				CLANG_CXX_LIBRARY = "libc++";
				CLANG_ENABLE_MODULES = YES;
				CLANG_ENABLE_OBJC_ARC = YES;
				CLANG_WARN_BOOL_CONVERSION = YES;
				CLANG_WARN_CONSTANT_CONVERSION = YES;
				CLANG_WARN_DIRECT_OBJC_ISA_USAGE = YES_ERROR;
				CLANG_WARN_EMPTY_BODY = YES;
				CLANG_WARN_ENUM_CONVERSION = YES;
				CLANG_WARN_INT_CONVERSION = YES;
				CLANG_WARN_OBJC_ROOT_CLASS = YES_ERROR;
				CLANG_WARN_UNREACHABLE_CODE = YES;
				CLANG_WARN__DUPLICATE_METHOD_MATCH = YES;
				"CODE_SIGN_IDENTITY[sdk=iphoneos*]" = "iPhone Developer";
				COPY_PHASE_STRIP = NO;
				DEBUG_INFORMATION_FORMAT = dwarf;
				ENABLE_STRICT_OBJC_MSGSEND = YES;
				ENABLE_TESTABILITY = YES;
				GCC_C_LANGUAGE_STANDARD = gnu99;
				GCC_DYNAMIC_NO_PIC = NO;
				GCC_NO_COMMON_BLOCKS = YES;
				GCC_OPTIMIZATION_LEVEL = 0;
				GCC_PREPROCESSOR_DEFINITIONS = (
					"DEBUG=1",
					"$(inherited)",
				);
				GCC_WARN_64_TO_32_BIT_CONVERSION = YES;
				GCC_WARN_ABOUT_RETURN_TYPE = YES_ERROR;
				GCC_WARN_UNDECLARED_SELECTOR = YES;
				GCC_WARN_UNINITIALIZED_AUTOS = YES_AGGRESSIVE;
				GCC_WARN_UNUSED_FUNCTION = YES;
				GCC_WARN_UNUSED_VARIABLE = YES;
				IPHONEOS_DEPLOYMENT_TARGET = 9.3;
				MTL_ENABLE_DEBUG_INFO = YES;
				ONLY_ACTIVE_ARCH = YES;
				SDKROOT = iphoneos;
				SWIFT_OPTIMIZATION_LEVEL = "-Onone";
			};
			name = Debug;
		};
		1232E20F1D4FA51400548543 /* Release */ = {
			isa = XCBuildConfiguration;
			buildSettings = {
				ALWAYS_SEARCH_USER_PATHS = NO;
				CLANG_ANALYZER_NONNULL = YES;
				CLANG_CXX_LANGUAGE_STANDARD = "gnu++0x";
				CLANG_CXX_LIBRARY = "libc++";
				CLANG_ENABLE_MODULES = YES;
				CLANG_ENABLE_OBJC_ARC = YES;
				CLANG_WARN_BOOL_CONVERSION = YES;
				CLANG_WARN_CONSTANT_CONVERSION = YES;
				CLANG_WARN_DIRECT_OBJC_ISA_USAGE = YES_ERROR;
				CLANG_WARN_EMPTY_BODY = YES;
				CLANG_WARN_ENUM_CONVERSION = YES;
				CLANG_WARN_INT_CONVERSION = YES;
				CLANG_WARN_OBJC_ROOT_CLASS = YES_ERROR;
				CLANG_WARN_UNREACHABLE_CODE = YES;
				CLANG_WARN__DUPLICATE_METHOD_MATCH = YES;
				"CODE_SIGN_IDENTITY[sdk=iphoneos*]" = "iPhone Developer";
				COPY_PHASE_STRIP = NO;
				DEBUG_INFORMATION_FORMAT = "dwarf-with-dsym";
				ENABLE_NS_ASSERTIONS = NO;
				ENABLE_STRICT_OBJC_MSGSEND = YES;
				GCC_C_LANGUAGE_STANDARD = gnu99;
				GCC_NO_COMMON_BLOCKS = YES;
				GCC_WARN_64_TO_32_BIT_CONVERSION = YES;
				GCC_WARN_ABOUT_RETURN_TYPE = YES_ERROR;
				GCC_WARN_UNDECLARED_SELECTOR = YES;
				GCC_WARN_UNINITIALIZED_AUTOS = YES_AGGRESSIVE;
				GCC_WARN_UNUSED_FUNCTION = YES;
				GCC_WARN_UNUSED_VARIABLE = YES;
				IPHONEOS_DEPLOYMENT_TARGET = 9.3;
				MTL_ENABLE_DEBUG_INFO = NO;
				SDKROOT = iphoneos;
				VALIDATE_PRODUCT = YES;
			};
			name = Release;
		};
		1232E2111D4FA51400548543 /* Debug */ = {
			isa = XCBuildConfiguration;
			buildSettings = {
				ASSETCATALOG_COMPILER_APPICON_NAME = AppIcon;
				INFOPLIST_FILE = guessgame/Info.plist;
				LD_RUNPATH_SEARCH_PATHS = "$(inherited) @executable_path/Frameworks";
				PRODUCT_BUNDLE_IDENTIFIER = com.Arinjay.guessgame;
				PRODUCT_NAME = "$(TARGET_NAME)";
			};
			name = Debug;
		};
		1232E2121D4FA51400548543 /* Release */ = {
			isa = XCBuildConfiguration;
			buildSettings = {
				ASSETCATALOG_COMPILER_APPICON_NAME = AppIcon;
				INFOPLIST_FILE = guessgame/Info.plist;
				LD_RUNPATH_SEARCH_PATHS = "$(inherited) @executable_path/Frameworks";
				PRODUCT_BUNDLE_IDENTIFIER = com.Arinjay.guessgame;
				PRODUCT_NAME = "$(TARGET_NAME)";
			};
			name = Release;
		};
/* End XCBuildConfiguration section */

/* Begin XCConfigurationList section */
		1232E1F91D4FA51300548543 /* Build configuration list for PBXProject "guessgame" */ = {
			isa = XCConfigurationList;
			buildConfigurations = (
				1232E20E1D4FA51400548543 /* Debug */,
				1232E20F1D4FA51400548543 /* Release */,
			);
			defaultConfigurationIsVisible = 0;
			defaultConfigurationName = Release;
		};
		1232E2101D4FA51400548543 /* Build configuration list for PBXNativeTarget "guessgame" */ = {
			isa = XCConfigurationList;
			buildConfigurations = (
				1232E2111D4FA51400548543 /* Debug */,
				1232E2121D4FA51400548543 /* Release */,
			);
			defaultConfigurationIsVisible = 0;
		};
/* End XCConfigurationList section */
	};
	rootObject = 1232E1F61D4FA51300548543 /* Project object */;
}
