// !$*UTF8*$!
{
	archiveVersion = 1;
	classes = {
	};
	objectVersion = 46;
	objects = {

/* Begin PBXBuildFile section */
		C773F4991E7D477B005B8E0A /* AppDelegate.swift in Sources */ = {isa = PBXBuildFile; fileRef = C773F4981E7D477B005B8E0A /* AppDelegate.swift */; };
		C773F49B1E7D477B005B8E0A /* ViewController.swift in Sources */ = {isa = PBXBuildFile; fileRef = C773F49A1E7D477B005B8E0A /* ViewController.swift */; };
		C773F49E1E7D477B005B8E0A /* Main.storyboard in Resources */ = {isa = PBXBuildFile; fileRef = C773F49C1E7D477B005B8E0A /* Main.storyboard */; };
		C773F4A01E7D477B005B8E0A /* Assets.xcassets in Resources */ = {isa = PBXBuildFile; fileRef = C773F49F1E7D477B005B8E0A /* Assets.xcassets */; };
		C773F4A31E7D477B005B8E0A /* LaunchScreen.storyboard in Resources */ = {isa = PBXBuildFile; fileRef = C773F4A11E7D477B005B8E0A /* LaunchScreen.storyboard */; };
		C773F4B11E7D4798005B8E0A /* IntentHandler.swift in Sources */ = {isa = PBXBuildFile; fileRef = C773F4B01E7D4798005B8E0A /* IntentHandler.swift */; };
		C773F4B51E7D4798005B8E0A /* Extension.appex in Embed App Extensions */ = {isa = PBXBuildFile; fileRef = C773F4AE1E7D4798005B8E0A /* Extension.appex */; settings = {ATTRIBUTES = (RemoveHeadersOnCopy, ); }; };
		C773F4BD1E7DC92F005B8E0A /* car.png in Resources */ = {isa = PBXBuildFile; fileRef = C773F4BA1E7DC92F005B8E0A /* car.png */; };
		C773F4BE1E7DC92F005B8E0A /* car@2x.png in Resources */ = {isa = PBXBuildFile; fileRef = C773F4BB1E7DC92F005B8E0A /* car@2x.png */; };
		C773F4BF1E7DC92F005B8E0A /* car@3x.png in Resources */ = {isa = PBXBuildFile; fileRef = C773F4BC1E7DC92F005B8E0A /* car@3x.png */; };
/* End PBXBuildFile section */

/* Begin PBXContainerItemProxy section */
		C773F4B31E7D4798005B8E0A /* PBXContainerItemProxy */ = {
			isa = PBXContainerItemProxy;
			containerPortal = C773F48D1E7D477B005B8E0A /* Project object */;
			proxyType = 1;
			remoteGlobalIDString = C773F4AD1E7D4798005B8E0A;
			remoteInfo = Extension;
		};
/* End PBXContainerItemProxy section */

/* Begin PBXCopyFilesBuildPhase section */
		C773F4B91E7D4798005B8E0A /* Embed App Extensions */ = {
			isa = PBXCopyFilesBuildPhase;
			buildActionMask = 2147483647;
			dstPath = "";
			dstSubfolderSpec = 13;
			files = (
				C773F4B51E7D4798005B8E0A /* Extension.appex in Embed App Extensions */,
			);
			name = "Embed App Extensions";
			runOnlyForDeploymentPostprocessing = 0;
		};
/* End PBXCopyFilesBuildPhase section */

/* Begin PBXFileReference section */
		C773F4951E7D477B005B8E0A /* cruise.app */ = {isa = PBXFileReference; explicitFileType = wrapper.application; includeInIndex = 0; path = cruise.app; sourceTree = BUILT_PRODUCTS_DIR; };
		C773F4981E7D477B005B8E0A /* AppDelegate.swift */ = {isa = PBXFileReference; lastKnownFileType = sourcecode.swift; path = AppDelegate.swift; sourceTree = "<group>"; };
		C773F49A1E7D477B005B8E0A /* ViewController.swift */ = {isa = PBXFileReference; lastKnownFileType = sourcecode.swift; path = ViewController.swift; sourceTree = "<group>"; };
		C773F49D1E7D477B005B8E0A /* Base */ = {isa = PBXFileReference; lastKnownFileType = file.storyboard; name = Base; path = Base.lproj/Main.storyboard; sourceTree = "<group>"; };
		C773F49F1E7D477B005B8E0A /* Assets.xcassets */ = {isa = PBXFileReference; lastKnownFileType = folder.assetcatalog; path = Assets.xcassets; sourceTree = "<group>"; };
		C773F4A21E7D477B005B8E0A /* Base */ = {isa = PBXFileReference; lastKnownFileType = file.storyboard; name = Base; path = Base.lproj/LaunchScreen.storyboard; sourceTree = "<group>"; };
		C773F4A41E7D477B005B8E0A /* Info.plist */ = {isa = PBXFileReference; lastKnownFileType = text.plist.xml; path = Info.plist; sourceTree = "<group>"; };
		C773F4AE1E7D4798005B8E0A /* Extension.appex */ = {isa = PBXFileReference; explicitFileType = "wrapper.app-extension"; includeInIndex = 0; path = Extension.appex; sourceTree = BUILT_PRODUCTS_DIR; };
		C773F4B01E7D4798005B8E0A /* IntentHandler.swift */ = {isa = PBXFileReference; lastKnownFileType = sourcecode.swift; path = IntentHandler.swift; sourceTree = "<group>"; };
		C773F4B21E7D4798005B8E0A /* Info.plist */ = {isa = PBXFileReference; lastKnownFileType = text.plist.xml; path = Info.plist; sourceTree = "<group>"; };
		C773F4BA1E7DC92F005B8E0A /* car.png */ = {isa = PBXFileReference; lastKnownFileType = image.png; path = car.png; sourceTree = "<group>"; };
		C773F4BB1E7DC92F005B8E0A /* car@2x.png */ = {isa = PBXFileReference; lastKnownFileType = image.png; path = "car@2x.png"; sourceTree = "<group>"; };
		C773F4BC1E7DC92F005B8E0A /* car@3x.png */ = {isa = PBXFileReference; lastKnownFileType = image.png; path = "car@3x.png"; sourceTree = "<group>"; };
/* End PBXFileReference section */

/* Begin PBXFrameworksBuildPhase section */
		C773F4921E7D477B005B8E0A /* Frameworks */ = {
			isa = PBXFrameworksBuildPhase;
			buildActionMask = 2147483647;
			files = (
			);
			runOnlyForDeploymentPostprocessing = 0;
		};
		C773F4AB1E7D4798005B8E0A /* Frameworks */ = {
			isa = PBXFrameworksBuildPhase;
			buildActionMask = 2147483647;
			files = (
			);
			runOnlyForDeploymentPostprocessing = 0;
		};
/* End PBXFrameworksBuildPhase section */

/* Begin PBXGroup section */
		C773F48C1E7D477B005B8E0A = {
			isa = PBXGroup;
			children = (
				C773F4971E7D477B005B8E0A /* cruise */,
				C773F4AF1E7D4798005B8E0A /* Extension */,
				C773F4961E7D477B005B8E0A /* Products */,
			);
			sourceTree = "<group>";
		};
		C773F4961E7D477B005B8E0A /* Products */ = {
			isa = PBXGroup;
			children = (
				C773F4951E7D477B005B8E0A /* cruise.app */,
				C773F4AE1E7D4798005B8E0A /* Extension.appex */,
			);
			name = Products;
			sourceTree = "<group>";
		};
		C773F4971E7D477B005B8E0A /* cruise */ = {
			isa = PBXGroup;
			children = (
				C773F4981E7D477B005B8E0A /* AppDelegate.swift */,
				C773F49A1E7D477B005B8E0A /* ViewController.swift */,
				C773F49C1E7D477B005B8E0A /* Main.storyboard */,
				C773F49F1E7D477B005B8E0A /* Assets.xcassets */,
				C773F4A11E7D477B005B8E0A /* LaunchScreen.storyboard */,
				C773F4A41E7D477B005B8E0A /* Info.plist */,
				C773F4BA1E7DC92F005B8E0A /* car.png */,
				C773F4BB1E7DC92F005B8E0A /* car@2x.png */,
				C773F4BC1E7DC92F005B8E0A /* car@3x.png */,
			);
			path = cruise;
			sourceTree = "<group>";
		};
		C773F4AF1E7D4798005B8E0A /* Extension */ = {
			isa = PBXGroup;
			children = (
				C773F4B01E7D4798005B8E0A /* IntentHandler.swift */,
				C773F4B21E7D4798005B8E0A /* Info.plist */,
			);
			path = Extension;
			sourceTree = "<group>";
		};
/* End PBXGroup section */

/* Begin PBXNativeTarget section */
		C773F4941E7D477B005B8E0A /* cruise */ = {
			isa = PBXNativeTarget;
			buildConfigurationList = C773F4A71E7D477B005B8E0A /* Build configuration list for PBXNativeTarget "cruise" */;
			buildPhases = (
				C773F4911E7D477B005B8E0A /* Sources */,
				C773F4921E7D477B005B8E0A /* Frameworks */,
				C773F4931E7D477B005B8E0A /* Resources */,
				C773F4B91E7D4798005B8E0A /* Embed App Extensions */,
			);
			buildRules = (
			);
			dependencies = (
				C773F4B41E7D4798005B8E0A /* PBXTargetDependency */,
			);
			name = cruise;
			productName = cruise;
			productReference = C773F4951E7D477B005B8E0A /* cruise.app */;
			productType = "com.apple.product-type.application";
		};
		C773F4AD1E7D4798005B8E0A /* Extension */ = {
			isa = PBXNativeTarget;
			buildConfigurationList = C773F4B61E7D4798005B8E0A /* Build configuration list for PBXNativeTarget "Extension" */;
			buildPhases = (
				C773F4AA1E7D4798005B8E0A /* Sources */,
				C773F4AB1E7D4798005B8E0A /* Frameworks */,
				C773F4AC1E7D4798005B8E0A /* Resources */,
			);
			buildRules = (
			);
			dependencies = (
			);
			name = Extension;
			productName = Extension;
			productReference = C773F4AE1E7D4798005B8E0A /* Extension.appex */;
			productType = "com.apple.product-type.app-extension";
		};
/* End PBXNativeTarget section */

/* Begin PBXProject section */
		C773F48D1E7D477B005B8E0A /* Project object */ = {
			isa = PBXProject;
			attributes = {
				LastSwiftUpdateCheck = 0820;
				LastUpgradeCheck = 0820;
				ORGANIZATIONNAME = "Arinjay Sharma";
				TargetAttributes = {
					C773F4941E7D477B005B8E0A = {
						CreatedOnToolsVersion = 8.2;
						ProvisioningStyle = Automatic;
					};
					C773F4AD1E7D4798005B8E0A = {
						CreatedOnToolsVersion = 8.2;
						ProvisioningStyle = Automatic;
					};
				};
			};
			buildConfigurationList = C773F4901E7D477B005B8E0A /* Build configuration list for PBXProject "cruise" */;
			compatibilityVersion = "Xcode 3.2";
			developmentRegion = English;
			hasScannedForEncodings = 0;
			knownRegions = (
				en,
				Base,
			);
			mainGroup = C773F48C1E7D477B005B8E0A;
			productRefGroup = C773F4961E7D477B005B8E0A /* Products */;
			projectDirPath = "";
			projectRoot = "";
			targets = (
				C773F4941E7D477B005B8E0A /* cruise */,
				C773F4AD1E7D4798005B8E0A /* Extension */,
			);
		};
/* End PBXProject section */

/* Begin PBXResourcesBuildPhase section */
		C773F4931E7D477B005B8E0A /* Resources */ = {
			isa = PBXResourcesBuildPhase;
			buildActionMask = 2147483647;
			files = (
				C773F4BD1E7DC92F005B8E0A /* car.png in Resources */,
				C773F4A31E7D477B005B8E0A /* LaunchScreen.storyboard in Resources */,
				C773F4A01E7D477B005B8E0A /* Assets.xcassets in Resources */,
				C773F4BE1E7DC92F005B8E0A /* car@2x.png in Resources */,
				C773F4BF1E7DC92F005B8E0A /* car@3x.png in Resources */,
				C773F49E1E7D477B005B8E0A /* Main.storyboard in Resources */,
			);
			runOnlyForDeploymentPostprocessing = 0;
		};
		C773F4AC1E7D4798005B8E0A /* Resources */ = {
			isa = PBXResourcesBuildPhase;
			buildActionMask = 2147483647;
			files = (
			);
			runOnlyForDeploymentPostprocessing = 0;
		};
/* End PBXResourcesBuildPhase section */

/* Begin PBXSourcesBuildPhase section */
		C773F4911E7D477B005B8E0A /* Sources */ = {
			isa = PBXSourcesBuildPhase;
			buildActionMask = 2147483647;
			files = (
				C773F49B1E7D477B005B8E0A /* ViewController.swift in Sources */,
				C773F4991E7D477B005B8E0A /* AppDelegate.swift in Sources */,
			);
			runOnlyForDeploymentPostprocessing = 0;
		};
		C773F4AA1E7D4798005B8E0A /* Sources */ = {
			isa = PBXSourcesBuildPhase;
			buildActionMask = 2147483647;
			files = (
				C773F4B11E7D4798005B8E0A /* IntentHandler.swift in Sources */,
			);
			runOnlyForDeploymentPostprocessing = 0;
		};
/* End PBXSourcesBuildPhase section */

/* Begin PBXTargetDependency section */
		C773F4B41E7D4798005B8E0A /* PBXTargetDependency */ = {
			isa = PBXTargetDependency;
			target = C773F4AD1E7D4798005B8E0A /* Extension */;
			targetProxy = C773F4B31E7D4798005B8E0A /* PBXContainerItemProxy */;
		};
/* End PBXTargetDependency section */

/* Begin PBXVariantGroup section */
		C773F49C1E7D477B005B8E0A /* Main.storyboard */ = {
			isa = PBXVariantGroup;
			children = (
				C773F49D1E7D477B005B8E0A /* Base */,
			);
			name = Main.storyboard;
			sourceTree = "<group>";
		};
		C773F4A11E7D477B005B8E0A /* LaunchScreen.storyboard */ = {
			isa = PBXVariantGroup;
			children = (
				C773F4A21E7D477B005B8E0A /* Base */,
			);
			name = LaunchScreen.storyboard;
			sourceTree = "<group>";
		};
/* End PBXVariantGroup section */

/* Begin XCBuildConfiguration section */
		C773F4A51E7D477B005B8E0A /* Debug */ = {
			isa = XCBuildConfiguration;
			buildSettings = {
				ALWAYS_SEARCH_USER_PATHS = NO;
				CLANG_ANALYZER_NONNULL = YES;
				CLANG_CXX_LANGUAGE_STANDARD = "gnu++0x";
				CLANG_CXX_LIBRARY = "libc++";
				CLANG_ENABLE_MODULES = YES;
				CLANG_ENABLE_OBJC_ARC = YES;
				CLANG_WARN_BOOL_CONVERSION = YES;
				CLANG_WARN_CONSTANT_CONVERSION = YES;
				CLANG_WARN_DIRECT_OBJC_ISA_USAGE = YES_ERROR;
				CLANG_WARN_DOCUMENTATION_COMMENTS = YES;
				CLANG_WARN_EMPTY_BODY = YES;
				CLANG_WARN_ENUM_CONVERSION = YES;
				CLANG_WARN_INFINITE_RECURSION = YES;
				CLANG_WARN_INT_CONVERSION = YES;
				CLANG_WARN_OBJC_ROOT_CLASS = YES_ERROR;
				CLANG_WARN_SUSPICIOUS_MOVE = YES;
				CLANG_WARN_UNREACHABLE_CODE = YES;
				CLANG_WARN__DUPLICATE_METHOD_MATCH = YES;
				"CODE_SIGN_IDENTITY[sdk=iphoneos*]" = "iPhone Developer";
				COPY_PHASE_STRIP = NO;
				DEBUG_INFORMATION_FORMAT = dwarf;
				ENABLE_STRICT_OBJC_MSGSEND = YES;
				ENABLE_TESTABILITY = YES;
				GCC_C_LANGUAGE_STANDARD = gnu99;
				GCC_DYNAMIC_NO_PIC = NO;
				GCC_NO_COMMON_BLOCKS = YES;
				GCC_OPTIMIZATION_LEVEL = 0;
				GCC_PREPROCESSOR_DEFINITIONS = (
					"DEBUG=1",
					"$(inherited)",
				);
				GCC_WARN_64_TO_32_BIT_CONVERSION = YES;
				GCC_WARN_ABOUT_RETURN_TYPE = YES_ERROR;
				GCC_WARN_UNDECLARED_SELECTOR = YES;
				GCC_WARN_UNINITIALIZED_AUTOS = YES_AGGRESSIVE;
				GCC_WARN_UNUSED_FUNCTION = YES;
				GCC_WARN_UNUSED_VARIABLE = YES;
				IPHONEOS_DEPLOYMENT_TARGET = 10.2;
				MTL_ENABLE_DEBUG_INFO = YES;
				ONLY_ACTIVE_ARCH = YES;
				SDKROOT = iphoneos;
				SWIFT_ACTIVE_COMPILATION_CONDITIONS = DEBUG;
				SWIFT_OPTIMIZATION_LEVEL = "-Onone";
			};
			name = Debug;
		};
		C773F4A61E7D477B005B8E0A /* Release */ = {
			isa = XCBuildConfiguration;
			buildSettings = {
				ALWAYS_SEARCH_USER_PATHS = NO;
				CLANG_ANALYZER_NONNULL = YES;
				CLANG_CXX_LANGUAGE_STANDARD = "gnu++0x";
				CLANG_CXX_LIBRARY = "libc++";
				CLANG_ENABLE_MODULES = YES;
				CLANG_ENABLE_OBJC_ARC = YES;
				CLANG_WARN_BOOL_CONVERSION = YES;
				CLANG_WARN_CONSTANT_CONVERSION = YES;
				CLANG_WARN_DIRECT_OBJC_ISA_USAGE = YES_ERROR;
				CLANG_WARN_DOCUMENTATION_COMMENTS = YES;
				CLANG_WARN_EMPTY_BODY = YES;
				CLANG_WARN_ENUM_CONVERSION = YES;
				CLANG_WARN_INFINITE_RECURSION = YES;
				CLANG_WARN_INT_CONVERSION = YES;
				CLANG_WARN_OBJC_ROOT_CLASS = YES_ERROR;
				CLANG_WARN_SUSPICIOUS_MOVE = YES;
				CLANG_WARN_UNREACHABLE_CODE = YES;
				CLANG_WARN__DUPLICATE_METHOD_MATCH = YES;
				"CODE_SIGN_IDENTITY[sdk=iphoneos*]" = "iPhone Developer";
				COPY_PHASE_STRIP = NO;
				DEBUG_INFORMATION_FORMAT = "dwarf-with-dsym";
				ENABLE_NS_ASSERTIONS = NO;
				ENABLE_STRICT_OBJC_MSGSEND = YES;
				GCC_C_LANGUAGE_STANDARD = gnu99;
				GCC_NO_COMMON_BLOCKS = YES;
				GCC_WARN_64_TO_32_BIT_CONVERSION = YES;
				GCC_WARN_ABOUT_RETURN_TYPE = YES_ERROR;
				GCC_WARN_UNDECLARED_SELECTOR = YES;
				GCC_WARN_UNINITIALIZED_AUTOS = YES_AGGRESSIVE;
				GCC_WARN_UNUSED_FUNCTION = YES;
				GCC_WARN_UNUSED_VARIABLE = YES;
				IPHONEOS_DEPLOYMENT_TARGET = 10.2;
				MTL_ENABLE_DEBUG_INFO = NO;
				SDKROOT = iphoneos;
				SWIFT_OPTIMIZATION_LEVEL = "-Owholemodule";
				VALIDATE_PRODUCT = YES;
			};
			name = Release;
		};
		C773F4A81E7D477B005B8E0A /* Debug */ = {
			isa = XCBuildConfiguration;
			buildSettings = {
				ALWAYS_EMBED_SWIFT_STANDARD_LIBRARIES = YES;
				ASSETCATALOG_COMPILER_APPICON_NAME = AppIcon;
				INFOPLIST_FILE = cruise/Info.plist;
				LD_RUNPATH_SEARCH_PATHS = "$(inherited) @executable_path/Frameworks";
				PRODUCT_BUNDLE_IDENTIFIER = com.Arinjay.cruise;
				PRODUCT_NAME = "$(TARGET_NAME)";
				SWIFT_VERSION = 3.0;
			};
			name = Debug;
		};
		C773F4A91E7D477B005B8E0A /* Release */ = {
			isa = XCBuildConfiguration;
			buildSettings = {
				ALWAYS_EMBED_SWIFT_STANDARD_LIBRARIES = YES;
				ASSETCATALOG_COMPILER_APPICON_NAME = AppIcon;
				INFOPLIST_FILE = cruise/Info.plist;
				LD_RUNPATH_SEARCH_PATHS = "$(inherited) @executable_path/Frameworks";
				PRODUCT_BUNDLE_IDENTIFIER = com.Arinjay.cruise;
				PRODUCT_NAME = "$(TARGET_NAME)";
				SWIFT_VERSION = 3.0;
			};
			name = Release;
		};
		C773F4B71E7D4798005B8E0A /* Debug */ = {
			isa = XCBuildConfiguration;
			buildSettings = {
				INFOPLIST_FILE = Extension/Info.plist;
				LD_RUNPATH_SEARCH_PATHS = "$(inherited) @executable_path/Frameworks @executable_path/../../Frameworks";
				PRODUCT_BUNDLE_IDENTIFIER = com.Arinjay.cruise.Extension;
				PRODUCT_NAME = "$(TARGET_NAME)";
				SKIP_INSTALL = YES;
				SWIFT_VERSION = 3.0;
			};
			name = Debug;
		};
		C773F4B81E7D4798005B8E0A /* Release */ = {
			isa = XCBuildConfiguration;
			buildSettings = {
				INFOPLIST_FILE = Extension/Info.plist;
				LD_RUNPATH_SEARCH_PATHS = "$(inherited) @executable_path/Frameworks @executable_path/../../Frameworks";
				PRODUCT_BUNDLE_IDENTIFIER = com.Arinjay.cruise.Extension;
				PRODUCT_NAME = "$(TARGET_NAME)";
				SKIP_INSTALL = YES;
				SWIFT_VERSION = 3.0;
			};
			name = Release;
		};
/* End XCBuildConfiguration section */

/* Begin XCConfigurationList section */
		C773F4901E7D477B005B8E0A /* Build configuration list for PBXProject "cruise" */ = {
			isa = XCConfigurationList;
			buildConfigurations = (
				C773F4A51E7D477B005B8E0A /* Debug */,
				C773F4A61E7D477B005B8E0A /* Release */,
			);
			defaultConfigurationIsVisible = 0;
			defaultConfigurationName = Release;
		};
		C773F4A71E7D477B005B8E0A /* Build configuration list for PBXNativeTarget "cruise" */ = {
			isa = XCConfigurationList;
			buildConfigurations = (
				C773F4A81E7D477B005B8E0A /* Debug */,
				C773F4A91E7D477B005B8E0A /* Release */,
			);
			defaultConfigurationIsVisible = 0;
			defaultConfigurationName = Release;
		};
		C773F4B61E7D4798005B8E0A /* Build configuration list for PBXNativeTarget "Extension" */ = {
			isa = XCConfigurationList;
			buildConfigurations = (
				C773F4B71E7D4798005B8E0A /* Debug */,
				C773F4B81E7D4798005B8E0A /* Release */,
			);
			defaultConfigurationIsVisible = 0;
			defaultConfigurationName = Release;
		};
/* End XCConfigurationList section */
	};
	rootObject = C773F48D1E7D477B005B8E0A /* Project object */;
}
